
Microsoft Visual Studio Solution File, Format Version 12.00
# Visual Studio Version 17
VisualStudioVersion = 17.6.33801.468
MinimumVisualStudioVersion = 10.0.40219.1
Project("{9A19103F-16F7-4668-BE54-9A1E7A4F7556}") = "Unit12-1_out", "Unit12-1_out\Unit12-1_out.csproj", "{22DBBF84-0065-4F33-8A84-8EAC1D35308F}"
EndProject
Project("{9A19103F-16F7-4668-BE54-9A1E7A4F7556}") = "Unit12-2_ref", "Unit12-2_ref\Unit12-2_ref.csproj", "{38DDED1A-1D30-4E8F-9F84-5726FE46E742}"
EndProject
Project("{9A19103F-16F7-4668-BE54-9A1E7A4F7556}") = "Unit12-3_ReturnValues", "Unit12-3_ReturnValues\Unit12-3_ReturnValues.csproj", "{F304369C-095D-4504-9C99-76F0DC2FCAED}"
EndProject
Project("{9A19103F-16F7-4668-BE54-9A1E7A4F7556}") = "Unit12-3_Tuple", "Unit12-3_Tuple\Unit12-3_Tuple.csproj", "{2AA7E812-3472-43BF-8493-4BC057BB7AE6}"
EndProject
Project("{FAE04EC0-301F-11D3-BF4B-00C04F79EFBC}") = "Unit12-4_Deconstruct", "Unit12-4_Deconstruct\Unit12-4_Deconstruct.csproj", "{097E8040-A723-4786-A95F-E426E008D963}"
EndProject
Project("{FAE04EC0-301F-11D3-BF4B-00C04F79EFBC}") = "Unit12-5_Lambda_Expression-bodied-members", "Unit12-5_Lambda_Expression-bodied-members\Unit12-5_Lambda_Expression-bodied-members.csproj", "{7C4C6D83-3B49-4F4D-8138-48C576AEBD9A}"
EndProject
Project("{FAE04EC0-301F-11D3-BF4B-00C04F79EFBC}") = "Unit12-6_LocalFunctions", "Unit12-6_LocalFunctions\Unit12-6_LocalFunctions.csproj", "{FE07373B-1D5F-4753-A30A-36CD0EE097C2}"
EndProject
Project("{FAE04EC0-301F-11D3-BF4B-00C04F79EFBC}") = "Unit12-7_ValueTaskT", "Unit12-7_ValueTaskT\Unit12-7_ValueTaskT.csproj", "{C3F190A5-D7EC-480F-8DAE-32F21199CE63}"
EndProject
Project("{FAE04EC0-301F-11D3-BF4B-00C04F79EFBC}") = "Unit12-8_Throw", "Unit12-8_Throw\Unit12-8_Throw.csproj", "{79DBAE6F-C626-4924-A84D-9845289FD1ED}"
EndProject
Project("{FAE04EC0-301F-11D3-BF4B-00C04F79EFBC}") = "Unit12-9_Literal", "Unit12-9_Literal\Unit12-9_Literal.csproj", "{DC390C80-C87B-48E7-BB40-B3CAD6588D13}"
EndProject
Project("{FAE04EC0-301F-11D3-BF4B-00C04F79EFBC}") = "Ex12-1_is-Constant_Type-Patterns", "Ex12-1_is-Constant_Type-Patterns\Ex12-1_is-Constant_Type-Patterns.csproj", "{B85222EB-7613-4F43-9815-F8F325103112}"
EndProject
Project("{FAE04EC0-301F-11D3-BF4B-00C04F79EFBC}") = "Unit12-10-2_switch_case_PatternMatching", "Unit12-10-2_switch_case_PatternMatching\Unit12-10-2_switch_case_PatternMatching.csproj", "{F5E56B77-B475-44FE-84BD-708249D61047}"
EndProject
Global
	GlobalSection(SolutionConfigurationPlatforms) = preSolution
		Debug|Any CPU = Debug|Any CPU
		Debug|x64 = Debug|x64
		Debug|x86 = Debug|x86
		Release|Any CPU = Release|Any CPU
		Release|x64 = Release|x64
		Release|x86 = Release|x86
	EndGlobalSection
	GlobalSection(ProjectConfigurationPlatforms) = postSolution
		{22DBBF84-0065-4F33-8A84-8EAC1D35308F}.Debug|Any CPU.ActiveCfg = Debug|Any CPU
		{22DBBF84-0065-4F33-8A84-8EAC1D35308F}.Debug|Any CPU.Build.0 = Debug|Any CPU
		{22DBBF84-0065-4F33-8A84-8EAC1D35308F}.Debug|x64.ActiveCfg = Debug|Any CPU
		{22DBBF84-0065-4F33-8A84-8EAC1D35308F}.Debug|x64.Build.0 = Debug|Any CPU
		{22DBBF84-0065-4F33-8A84-8EAC1D35308F}.Debug|x86.ActiveCfg = Debug|Any CPU
		{22DBBF84-0065-4F33-8A84-8EAC1D35308F}.Debug|x86.Build.0 = Debug|Any CPU
		{22DBBF84-0065-4F33-8A84-8EAC1D35308F}.Release|Any CPU.ActiveCfg = Release|Any CPU
		{22DBBF84-0065-4F33-8A84-8EAC1D35308F}.Release|Any CPU.Build.0 = Release|Any CPU
		{22DBBF84-0065-4F33-8A84-8EAC1D35308F}.Release|x64.ActiveCfg = Release|Any CPU
		{22DBBF84-0065-4F33-8A84-8EAC1D35308F}.Release|x64.Build.0 = Release|Any CPU
		{22DBBF84-0065-4F33-8A84-8EAC1D35308F}.Release|x86.ActiveCfg = Release|Any CPU
		{22DBBF84-0065-4F33-8A84-8EAC1D35308F}.Release|x86.Build.0 = Release|Any CPU
		{38DDED1A-1D30-4E8F-9F84-5726FE46E742}.Debug|Any CPU.ActiveCfg = Debug|Any CPU
		{38DDED1A-1D30-4E8F-9F84-5726FE46E742}.Debug|Any CPU.Build.0 = Debug|Any CPU
		{38DDED1A-1D30-4E8F-9F84-5726FE46E742}.Debug|x64.ActiveCfg = Debug|Any CPU
		{38DDED1A-1D30-4E8F-9F84-5726FE46E742}.Debug|x64.Build.0 = Debug|Any CPU
		{38DDED1A-1D30-4E8F-9F84-5726FE46E742}.Debug|x86.ActiveCfg = Debug|Any CPU
		{38DDED1A-1D30-4E8F-9F84-5726FE46E742}.Debug|x86.Build.0 = Debug|Any CPU
		{38DDED1A-1D30-4E8F-9F84-5726FE46E742}.Release|Any CPU.ActiveCfg = Release|Any CPU
		{38DDED1A-1D30-4E8F-9F84-5726FE46E742}.Release|Any CPU.Build.0 = Release|Any CPU
		{38DDED1A-1D30-4E8F-9F84-5726FE46E742}.Release|x64.ActiveCfg = Release|Any CPU
		{38DDED1A-1D30-4E8F-9F84-5726FE46E742}.Release|x64.Build.0 = Release|Any CPU
		{38DDED1A-1D30-4E8F-9F84-5726FE46E742}.Release|x86.ActiveCfg = Release|Any CPU
		{38DDED1A-1D30-4E8F-9F84-5726FE46E742}.Release|x86.Build.0 = Release|Any CPU
		{F304369C-095D-4504-9C99-76F0DC2FCAED}.Debug|Any CPU.ActiveCfg = Debug|Any CPU
		{F304369C-095D-4504-9C99-76F0DC2FCAED}.Debug|Any CPU.Build.0 = Debug|Any CPU
		{F304369C-095D-4504-9C99-76F0DC2FCAED}.Debug|x64.ActiveCfg = Debug|Any CPU
		{F304369C-095D-4504-9C99-76F0DC2FCAED}.Debug|x64.Build.0 = Debug|Any CPU
		{F304369C-095D-4504-9C99-76F0DC2FCAED}.Debug|x86.ActiveCfg = Debug|Any CPU
		{F304369C-095D-4504-9C99-76F0DC2FCAED}.Debug|x86.Build.0 = Debug|Any CPU
		{F304369C-095D-4504-9C99-76F0DC2FCAED}.Release|Any CPU.ActiveCfg = Release|Any CPU
		{F304369C-095D-4504-9C99-76F0DC2FCAED}.Release|Any CPU.Build.0 = Release|Any CPU
		{F304369C-095D-4504-9C99-76F0DC2FCAED}.Release|x64.ActiveCfg = Release|Any CPU
		{F304369C-095D-4504-9C99-76F0DC2FCAED}.Release|x64.Build.0 = Release|Any CPU
		{F304369C-095D-4504-9C99-76F0DC2FCAED}.Release|x86.ActiveCfg = Release|Any CPU
		{F304369C-095D-4504-9C99-76F0DC2FCAED}.Release|x86.Build.0 = Release|Any CPU
		{2AA7E812-3472-43BF-8493-4BC057BB7AE6}.Debug|Any CPU.ActiveCfg = Debug|Any CPU
		{2AA7E812-3472-43BF-8493-4BC057BB7AE6}.Debug|Any CPU.Build.0 = Debug|Any CPU
		{2AA7E812-3472-43BF-8493-4BC057BB7AE6}.Debug|x64.ActiveCfg = Debug|Any CPU
		{2AA7E812-3472-43BF-8493-4BC057BB7AE6}.Debug|x64.Build.0 = Debug|Any CPU
		{2AA7E812-3472-43BF-8493-4BC057BB7AE6}.Debug|x86.ActiveCfg = Debug|Any CPU
		{2AA7E812-3472-43BF-8493-4BC057BB7AE6}.Debug|x86.Build.0 = Debug|Any CPU
		{2AA7E812-3472-43BF-8493-4BC057BB7AE6}.Release|Any CPU.ActiveCfg = Release|Any CPU
		{2AA7E812-3472-43BF-8493-4BC057BB7AE6}.Release|Any CPU.Build.0 = Release|Any CPU
		{2AA7E812-3472-43BF-8493-4BC057BB7AE6}.Release|x64.ActiveCfg = Release|Any CPU
		{2AA7E812-3472-43BF-8493-4BC057BB7AE6}.Release|x64.Build.0 = Release|Any CPU
		{2AA7E812-3472-43BF-8493-4BC057BB7AE6}.Release|x86.ActiveCfg = Release|Any CPU
		{2AA7E812-3472-43BF-8493-4BC057BB7AE6}.Release|x86.Build.0 = Release|Any CPU
		{097E8040-A723-4786-A95F-E426E008D963}.Debug|Any CPU.ActiveCfg = Debug|Any CPU
		{097E8040-A723-4786-A95F-E426E008D963}.Debug|Any CPU.Build.0 = Debug|Any CPU
		{097E8040-A723-4786-A95F-E426E008D963}.Debug|x64.ActiveCfg = Debug|Any CPU
		{097E8040-A723-4786-A95F-E426E008D963}.Debug|x64.Build.0 = Debug|Any CPU
		{097E8040-A723-4786-A95F-E426E008D963}.Debug|x86.ActiveCfg = Debug|Any CPU
		{097E8040-A723-4786-A95F-E426E008D963}.Debug|x86.Build.0 = Debug|Any CPU
		{097E8040-A723-4786-A95F-E426E008D963}.Release|Any CPU.ActiveCfg = Release|Any CPU
		{097E8040-A723-4786-A95F-E426E008D963}.Release|Any CPU.Build.0 = Release|Any CPU
		{097E8040-A723-4786-A95F-E426E008D963}.Release|x64.ActiveCfg = Release|Any CPU
		{097E8040-A723-4786-A95F-E426E008D963}.Release|x64.Build.0 = Release|Any CPU
		{097E8040-A723-4786-A95F-E426E008D963}.Release|x86.ActiveCfg = Release|Any CPU
		{097E8040-A723-4786-A95F-E426E008D963}.Release|x86.Build.0 = Release|Any CPU
		{7C4C6D83-3B49-4F4D-8138-48C576AEBD9A}.Debug|Any CPU.ActiveCfg = Debug|Any CPU
		{7C4C6D83-3B49-4F4D-8138-48C576AEBD9A}.Debug|Any CPU.Build.0 = Debug|Any CPU
		{7C4C6D83-3B49-4F4D-8138-48C576AEBD9A}.Debug|x64.ActiveCfg = Debug|Any CPU
		{7C4C6D83-3B49-4F4D-8138-48C576AEBD9A}.Debug|x64.Build.0 = Debug|Any CPU
		{7C4C6D83-3B49-4F4D-8138-48C576AEBD9A}.Debug|x86.ActiveCfg = Debug|Any CPU
		{7C4C6D83-3B49-4F4D-8138-48C576AEBD9A}.Debug|x86.Build.0 = Debug|Any CPU
		{7C4C6D83-3B49-4F4D-8138-48C576AEBD9A}.Release|Any CPU.ActiveCfg = Release|Any CPU
		{7C4C6D83-3B49-4F4D-8138-48C576AEBD9A}.Release|Any CPU.Build.0 = Release|Any CPU
		{7C4C6D83-3B49-4F4D-8138-48C576AEBD9A}.Release|x64.ActiveCfg = Release|Any CPU
		{7C4C6D83-3B49-4F4D-8138-48C576AEBD9A}.Release|x64.Build.0 = Release|Any CPU
		{7C4C6D83-3B49-4F4D-8138-48C576AEBD9A}.Release|x86.ActiveCfg = Release|Any CPU
		{7C4C6D83-3B49-4F4D-8138-48C576AEBD9A}.Release|x86.Build.0 = Release|Any CPU
		{FE07373B-1D5F-4753-A30A-36CD0EE097C2}.Debug|Any CPU.ActiveCfg = Debug|Any CPU
		{FE07373B-1D5F-4753-A30A-36CD0EE097C2}.Debug|Any CPU.Build.0 = Debug|Any CPU
		{FE07373B-1D5F-4753-A30A-36CD0EE097C2}.Debug|x64.ActiveCfg = Debug|Any CPU
		{FE07373B-1D5F-4753-A30A-36CD0EE097C2}.Debug|x64.Build.0 = Debug|Any CPU
		{FE07373B-1D5F-4753-A30A-36CD0EE097C2}.Debug|x86.ActiveCfg = Debug|Any CPU
		{FE07373B-1D5F-4753-A30A-36CD0EE097C2}.Debug|x86.Build.0 = Debug|Any CPU
		{FE07373B-1D5F-4753-A30A-36CD0EE097C2}.Release|Any CPU.ActiveCfg = Release|Any CPU
		{FE07373B-1D5F-4753-A30A-36CD0EE097C2}.Release|Any CPU.Build.0 = Release|Any CPU
		{FE07373B-1D5F-4753-A30A-36CD0EE097C2}.Release|x64.ActiveCfg = Release|Any CPU
		{FE07373B-1D5F-4753-A30A-36CD0EE097C2}.Release|x64.Build.0 = Release|Any CPU
		{FE07373B-1D5F-4753-A30A-36CD0EE097C2}.Release|x86.ActiveCfg = Release|Any CPU
		{FE07373B-1D5F-4753-A30A-36CD0EE097C2}.Release|x86.Build.0 = Release|Any CPU
		{C3F190A5-D7EC-480F-8DAE-32F21199CE63}.Debug|Any CPU.ActiveCfg = Debug|Any CPU
		{C3F190A5-D7EC-480F-8DAE-32F21199CE63}.Debug|Any CPU.Build.0 = Debug|Any CPU
		{C3F190A5-D7EC-480F-8DAE-32F21199CE63}.Debug|x64.ActiveCfg = Debug|Any CPU
		{C3F190A5-D7EC-480F-8DAE-32F21199CE63}.Debug|x64.Build.0 = Debug|Any CPU
		{C3F190A5-D7EC-480F-8DAE-32F21199CE63}.Debug|x86.ActiveCfg = Debug|Any CPU
		{C3F190A5-D7EC-480F-8DAE-32F21199CE63}.Debug|x86.Build.0 = Debug|Any CPU
		{C3F190A5-D7EC-480F-8DAE-32F21199CE63}.Release|Any CPU.ActiveCfg = Release|Any CPU
		{C3F190A5-D7EC-480F-8DAE-32F21199CE63}.Release|Any CPU.Build.0 = Release|Any CPU
		{C3F190A5-D7EC-480F-8DAE-32F21199CE63}.Release|x64.ActiveCfg = Release|Any CPU
		{C3F190A5-D7EC-480F-8DAE-32F21199CE63}.Release|x64.Build.0 = Release|Any CPU
		{C3F190A5-D7EC-480F-8DAE-32F21199CE63}.Release|x86.ActiveCfg = Release|Any CPU
		{C3F190A5-D7EC-480F-8DAE-32F21199CE63}.Release|x86.Build.0 = Release|Any CPU
		{79DBAE6F-C626-4924-A84D-9845289FD1ED}.Debug|Any CPU.ActiveCfg = Debug|Any CPU
		{79DBAE6F-C626-4924-A84D-9845289FD1ED}.Debug|Any CPU.Build.0 = Debug|Any CPU
		{79DBAE6F-C626-4924-A84D-9845289FD1ED}.Debug|x64.ActiveCfg = Debug|Any CPU
		{79DBAE6F-C626-4924-A84D-9845289FD1ED}.Debug|x64.Build.0 = Debug|Any CPU
		{79DBAE6F-C626-4924-A84D-9845289FD1ED}.Debug|x86.ActiveCfg = Debug|Any CPU
		{79DBAE6F-C626-4924-A84D-9845289FD1ED}.Debug|x86.Build.0 = Debug|Any CPU
		{79DBAE6F-C626-4924-A84D-9845289FD1ED}.Release|Any CPU.ActiveCfg = Release|Any CPU
		{79DBAE6F-C626-4924-A84D-9845289FD1ED}.Release|Any CPU.Build.0 = Release|Any CPU
		{79DBAE6F-C626-4924-A84D-9845289FD1ED}.Release|x64.ActiveCfg = Release|Any CPU
		{79DBAE6F-C626-4924-A84D-9845289FD1ED}.Release|x64.Build.0 = Release|Any CPU
		{79DBAE6F-C626-4924-A84D-9845289FD1ED}.Release|x86.ActiveCfg = Release|Any CPU
		{79DBAE6F-C626-4924-A84D-9845289FD1ED}.Release|x86.Build.0 = Release|Any CPU
		{DC390C80-C87B-48E7-BB40-B3CAD6588D13}.Debug|Any CPU.ActiveCfg = Debug|Any CPU
		{DC390C80-C87B-48E7-BB40-B3CAD6588D13}.Debug|Any CPU.Build.0 = Debug|Any CPU
		{DC390C80-C87B-48E7-BB40-B3CAD6588D13}.Debug|x64.ActiveCfg = Debug|Any CPU
		{DC390C80-C87B-48E7-BB40-B3CAD6588D13}.Debug|x64.Build.0 = Debug|Any CPU
		{DC390C80-C87B-48E7-BB40-B3CAD6588D13}.Debug|x86.ActiveCfg = Debug|Any CPU
		{DC390C80-C87B-48E7-BB40-B3CAD6588D13}.Debug|x86.Build.0 = Debug|Any CPU
		{DC390C80-C87B-48E7-BB40-B3CAD6588D13}.Release|Any CPU.ActiveCfg = Release|Any CPU
		{DC390C80-C87B-48E7-BB40-B3CAD6588D13}.Release|Any CPU.Build.0 = Release|Any CPU
		{DC390C80-C87B-48E7-BB40-B3CAD6588D13}.Release|x64.ActiveCfg = Release|Any CPU
		{DC390C80-C87B-48E7-BB40-B3CAD6588D13}.Release|x64.Build.0 = Release|Any CPU
		{DC390C80-C87B-48E7-BB40-B3CAD6588D13}.Release|x86.ActiveCfg = Release|Any CPU
		{DC390C80-C87B-48E7-BB40-B3CAD6588D13}.Release|x86.Build.0 = Release|Any CPU
		{B85222EB-7613-4F43-9815-F8F325103112}.Debug|Any CPU.ActiveCfg = Debug|Any CPU
		{B85222EB-7613-4F43-9815-F8F325103112}.Debug|Any CPU.Build.0 = Debug|Any CPU
		{B85222EB-7613-4F43-9815-F8F325103112}.Debug|x64.ActiveCfg = Debug|Any CPU
		{B85222EB-7613-4F43-9815-F8F325103112}.Debug|x64.Build.0 = Debug|Any CPU
		{B85222EB-7613-4F43-9815-F8F325103112}.Debug|x86.ActiveCfg = Debug|Any CPU
		{B85222EB-7613-4F43-9815-F8F325103112}.Debug|x86.Build.0 = Debug|Any CPU
		{B85222EB-7613-4F43-9815-F8F325103112}.Release|Any CPU.ActiveCfg = Release|Any CPU
		{B85222EB-7613-4F43-9815-F8F325103112}.Release|Any CPU.Build.0 = Release|Any CPU
		{B85222EB-7613-4F43-9815-F8F325103112}.Release|x64.ActiveCfg = Release|Any CPU
		{B85222EB-7613-4F43-9815-F8F325103112}.Release|x64.Build.0 = Release|Any CPU
		{B85222EB-7613-4F43-9815-F8F325103112}.Release|x86.ActiveCfg = Release|Any CPU
		{B85222EB-7613-4F43-9815-F8F325103112}.Release|x86.Build.0 = Release|Any CPU
		{F5E56B77-B475-44FE-84BD-708249D61047}.Debug|Any CPU.ActiveCfg = Debug|Any CPU
		{F5E56B77-B475-44FE-84BD-708249D61047}.Debug|Any CPU.Build.0 = Debug|Any CPU
		{F5E56B77-B475-44FE-84BD-708249D61047}.Debug|x64.ActiveCfg = Debug|Any CPU
		{F5E56B77-B475-44FE-84BD-708249D61047}.Debug|x64.Build.0 = Debug|Any CPU
		{F5E56B77-B475-44FE-84BD-708249D61047}.Debug|x86.ActiveCfg = Debug|Any CPU
		{F5E56B77-B475-44FE-84BD-708249D61047}.Debug|x86.Build.0 = Debug|Any CPU
		{F5E56B77-B475-44FE-84BD-708249D61047}.Release|Any CPU.ActiveCfg = Release|Any CPU
		{F5E56B77-B475-44FE-84BD-708249D61047}.Release|Any CPU.Build.0 = Release|Any CPU
		{F5E56B77-B475-44FE-84BD-708249D61047}.Release|x64.ActiveCfg = Release|Any CPU
		{F5E56B77-B475-44FE-84BD-708249D61047}.Release|x64.Build.0 = Release|Any CPU
		{F5E56B77-B475-44FE-84BD-708249D61047}.Release|x86.ActiveCfg = Release|Any CPU
		{F5E56B77-B475-44FE-84BD-708249D61047}.Release|x86.Build.0 = Release|Any CPU
	EndGlobalSection
	GlobalSection(SolutionProperties) = preSolution
		HideSolutionNode = FALSE
	EndGlobalSection
	GlobalSection(ExtensibilityGlobals) = postSolution
		SolutionGuid = {CB4800BF-D7C7-4781-B54C-439B5704A818}
	EndGlobalSection
EndGlobal
