
Microsoft Visual Studio Solution File, Format Version 12.00
# Visual Studio Version 17
VisualStudioVersion = 17.6.33801.468
MinimumVisualStudioVersion = 10.0.40219.1
Project("{FAE04EC0-301F-11D3-BF4B-00C04F79EFBC}") = "Unit13-1_async_MainMethod", "Unit13-1_async_MainMethod\Unit13-1_async_MainMethod.csproj", "{19FCA475-568D-43B9-9C2C-F8617A4E1BF6}"
EndProject
Project("{FAE04EC0-301F-11D3-BF4B-00C04F79EFBC}") = "Unit13-2_default_Literal", "Unit13-2_default_Literal\Unit13-2_default_Literal.csproj", "{55AFB1D8-F855-40B5-B820-1D9EF2577474}"
EndProject
Project("{FAE04EC0-301F-11D3-BF4B-00C04F79EFBC}") = "Unit13-3_Tuple_TypeInference", "Unit13-3_Tuple_TypeInference\Unit13-3_Tuple_TypeInference.csproj", "{FB4D4147-B9F2-498B-A72A-0F6FE4860ECA}"
EndProject
Project("{FAE04EC0-301F-11D3-BF4B-00C04F79EFBC}") = "Unit13-3_Tuple_LINQ", "Unit13-3_Tuple_LINQ\Unit13-3_Tuple_LINQ.csproj", "{BDCAF557-F6FB-4CF4-80B5-2FDB6FC0F4FD}"
EndProject
Global
	GlobalSection(SolutionConfigurationPlatforms) = preSolution
		Debug|Any CPU = Debug|Any CPU
		Release|Any CPU = Release|Any CPU
	EndGlobalSection
	GlobalSection(ProjectConfigurationPlatforms) = postSolution
		{19FCA475-568D-43B9-9C2C-F8617A4E1BF6}.Debug|Any CPU.ActiveCfg = Debug|Any CPU
		{19FCA475-568D-43B9-9C2C-F8617A4E1BF6}.Debug|Any CPU.Build.0 = Debug|Any CPU
		{19FCA475-568D-43B9-9C2C-F8617A4E1BF6}.Release|Any CPU.ActiveCfg = Release|Any CPU
		{19FCA475-568D-43B9-9C2C-F8617A4E1BF6}.Release|Any CPU.Build.0 = Release|Any CPU
		{55AFB1D8-F855-40B5-B820-1D9EF2577474}.Debug|Any CPU.ActiveCfg = Debug|Any CPU
		{55AFB1D8-F855-40B5-B820-1D9EF2577474}.Debug|Any CPU.Build.0 = Debug|Any CPU
		{55AFB1D8-F855-40B5-B820-1D9EF2577474}.Release|Any CPU.ActiveCfg = Release|Any CPU
		{55AFB1D8-F855-40B5-B820-1D9EF2577474}.Release|Any CPU.Build.0 = Release|Any CPU
		{FB4D4147-B9F2-498B-A72A-0F6FE4860ECA}.Debug|Any CPU.ActiveCfg = Debug|Any CPU
		{FB4D4147-B9F2-498B-A72A-0F6FE4860ECA}.Debug|Any CPU.Build.0 = Debug|Any CPU
		{FB4D4147-B9F2-498B-A72A-0F6FE4860ECA}.Release|Any CPU.ActiveCfg = Release|Any CPU
		{FB4D4147-B9F2-498B-A72A-0F6FE4860ECA}.Release|Any CPU.Build.0 = Release|Any CPU
		{BDCAF557-F6FB-4CF4-80B5-2FDB6FC0F4FD}.Debug|Any CPU.ActiveCfg = Debug|Any CPU
		{BDCAF557-F6FB-4CF4-80B5-2FDB6FC0F4FD}.Debug|Any CPU.Build.0 = Debug|Any CPU
		{BDCAF557-F6FB-4CF4-80B5-2FDB6FC0F4FD}.Release|Any CPU.ActiveCfg = Release|Any CPU
		{BDCAF557-F6FB-4CF4-80B5-2FDB6FC0F4FD}.Release|Any CPU.Build.0 = Release|Any CPU
	EndGlobalSection
	GlobalSection(SolutionProperties) = preSolution
		HideSolutionNode = FALSE
	EndGlobalSection
	GlobalSection(ExtensibilityGlobals) = postSolution
		SolutionGuid = {C0E645AB-434B-44CE-B7D2-C683018C1537}
	EndGlobalSection
EndGlobal
