
Microsoft Visual Studio Solution File, Format Version 12.00
# Visual Studio Version 17
VisualStudioVersion = 17.6.33801.468
MinimumVisualStudioVersion = 10.0.40219.1
Project("{9A19103F-16F7-4668-BE54-9A1E7A4F7556}") = "Code6-1_DataTime", "Code6-1_DataTime\Code6-1_DataTime.csproj", "{E74D4604-4622-43EA-843A-5A5D1B3D06C2}"
EndProject
Project("{9A19103F-16F7-4668-BE54-9A1E7A4F7556}") = "Code6-1-3_Stopwatch", "Code6-1-3_Stopwatch\Code6-1-3_Stopwatch.csproj", "{65946A0B-B773-4265-A91A-10D4DF83828A}"
EndProject
Project("{9A19103F-16F7-4668-BE54-9A1E7A4F7556}") = "Code6-2_string", "Code6-2_string\Code6-2_string.csproj", "{3B3B7391-B5EE-4ADF-8792-0376708206F6}"
EndProject
Project("{FAE04EC0-301F-11D3-BF4B-00C04F79EFBC}") = "Ex6-3_Format", "Ex6-3_Format\Ex6-3_Format.csproj", "{727143AC-55F8-4E87-91E1-5080B2CB73F6}"
EndProject
Project("{FAE04EC0-301F-11D3-BF4B-00C04F79EFBC}") = "Code6-4_StringBuilder", "Code6-4_StringBuilder\Code6-4_StringBuilder.csproj", "{374F78EE-9E0C-45B3-A53F-FE2876711A49}"
EndProject
Project("{FAE04EC0-301F-11D3-BF4B-00C04F79EFBC}") = "Ex6-5_RegularExpression", "Ex6-5_RegularExpression\Ex6-5_RegularExpression.csproj", "{01B8E122-861D-4522-845E-CD709CEADEB1}"
EndProject
Project("{FAE04EC0-301F-11D3-BF4B-00C04F79EFBC}") = "Ex6-5_IsEmail", "Ex6-5_IsEmail\Ex6-5_IsEmail.csproj", "{C7BA8610-4CE3-45C8-9744-A6AA16192778}"
EndProject
Project("{FAE04EC0-301F-11D3-BF4B-00C04F79EFBC}") = "Ex6-5-1_Replace", "Ex6-5-1_Replace\Ex6-5-1_Replace.csproj", "{92D6860C-54CC-4E8B-9D57-CF709DBD6160}"
EndProject
Project("{FAE04EC0-301F-11D3-BF4B-00C04F79EFBC}") = "Ex6-6_BitConverter", "Ex6-6_BitConverter\Ex6-6_BitConverter.csproj", "{32713AE8-2D02-44DD-94CC-1DEE8B891200}"
EndProject
Global
	GlobalSection(SolutionConfigurationPlatforms) = preSolution
		Debug|Any CPU = Debug|Any CPU
		Release|Any CPU = Release|Any CPU
	EndGlobalSection
	GlobalSection(ProjectConfigurationPlatforms) = postSolution
		{E74D4604-4622-43EA-843A-5A5D1B3D06C2}.Debug|Any CPU.ActiveCfg = Debug|Any CPU
		{E74D4604-4622-43EA-843A-5A5D1B3D06C2}.Debug|Any CPU.Build.0 = Debug|Any CPU
		{E74D4604-4622-43EA-843A-5A5D1B3D06C2}.Release|Any CPU.ActiveCfg = Release|Any CPU
		{E74D4604-4622-43EA-843A-5A5D1B3D06C2}.Release|Any CPU.Build.0 = Release|Any CPU
		{65946A0B-B773-4265-A91A-10D4DF83828A}.Debug|Any CPU.ActiveCfg = Debug|Any CPU
		{65946A0B-B773-4265-A91A-10D4DF83828A}.Debug|Any CPU.Build.0 = Debug|Any CPU
		{65946A0B-B773-4265-A91A-10D4DF83828A}.Release|Any CPU.ActiveCfg = Release|Any CPU
		{65946A0B-B773-4265-A91A-10D4DF83828A}.Release|Any CPU.Build.0 = Release|Any CPU
		{3B3B7391-B5EE-4ADF-8792-0376708206F6}.Debug|Any CPU.ActiveCfg = Debug|Any CPU
		{3B3B7391-B5EE-4ADF-8792-0376708206F6}.Debug|Any CPU.Build.0 = Debug|Any CPU
		{3B3B7391-B5EE-4ADF-8792-0376708206F6}.Release|Any CPU.ActiveCfg = Release|Any CPU
		{3B3B7391-B5EE-4ADF-8792-0376708206F6}.Release|Any CPU.Build.0 = Release|Any CPU
		{727143AC-55F8-4E87-91E1-5080B2CB73F6}.Debug|Any CPU.ActiveCfg = Debug|Any CPU
		{727143AC-55F8-4E87-91E1-5080B2CB73F6}.Debug|Any CPU.Build.0 = Debug|Any CPU
		{727143AC-55F8-4E87-91E1-5080B2CB73F6}.Release|Any CPU.ActiveCfg = Release|Any CPU
		{727143AC-55F8-4E87-91E1-5080B2CB73F6}.Release|Any CPU.Build.0 = Release|Any CPU
		{374F78EE-9E0C-45B3-A53F-FE2876711A49}.Debug|Any CPU.ActiveCfg = Debug|Any CPU
		{374F78EE-9E0C-45B3-A53F-FE2876711A49}.Debug|Any CPU.Build.0 = Debug|Any CPU
		{374F78EE-9E0C-45B3-A53F-FE2876711A49}.Release|Any CPU.ActiveCfg = Release|Any CPU
		{374F78EE-9E0C-45B3-A53F-FE2876711A49}.Release|Any CPU.Build.0 = Release|Any CPU
		{01B8E122-861D-4522-845E-CD709CEADEB1}.Debug|Any CPU.ActiveCfg = Debug|Any CPU
		{01B8E122-861D-4522-845E-CD709CEADEB1}.Debug|Any CPU.Build.0 = Debug|Any CPU
		{01B8E122-861D-4522-845E-CD709CEADEB1}.Release|Any CPU.ActiveCfg = Release|Any CPU
		{01B8E122-861D-4522-845E-CD709CEADEB1}.Release|Any CPU.Build.0 = Release|Any CPU
		{C7BA8610-4CE3-45C8-9744-A6AA16192778}.Debug|Any CPU.ActiveCfg = Debug|Any CPU
		{C7BA8610-4CE3-45C8-9744-A6AA16192778}.Debug|Any CPU.Build.0 = Debug|Any CPU
		{C7BA8610-4CE3-45C8-9744-A6AA16192778}.Release|Any CPU.ActiveCfg = Release|Any CPU
		{C7BA8610-4CE3-45C8-9744-A6AA16192778}.Release|Any CPU.Build.0 = Release|Any CPU
		{92D6860C-54CC-4E8B-9D57-CF709DBD6160}.Debug|Any CPU.ActiveCfg = Debug|Any CPU
		{92D6860C-54CC-4E8B-9D57-CF709DBD6160}.Debug|Any CPU.Build.0 = Debug|Any CPU
		{92D6860C-54CC-4E8B-9D57-CF709DBD6160}.Release|Any CPU.ActiveCfg = Release|Any CPU
		{92D6860C-54CC-4E8B-9D57-CF709DBD6160}.Release|Any CPU.Build.0 = Release|Any CPU
		{32713AE8-2D02-44DD-94CC-1DEE8B891200}.Debug|Any CPU.ActiveCfg = Debug|Any CPU
		{32713AE8-2D02-44DD-94CC-1DEE8B891200}.Debug|Any CPU.Build.0 = Debug|Any CPU
		{32713AE8-2D02-44DD-94CC-1DEE8B891200}.Release|Any CPU.ActiveCfg = Release|Any CPU
		{32713AE8-2D02-44DD-94CC-1DEE8B891200}.Release|Any CPU.Build.0 = Release|Any CPU
	EndGlobalSection
	GlobalSection(SolutionProperties) = preSolution
		HideSolutionNode = FALSE
	EndGlobalSection
	GlobalSection(ExtensibilityGlobals) = postSolution
		SolutionGuid = {D6FC94FF-E18C-45F6-866C-782F4A4C1066}
	EndGlobalSection
EndGlobal
