
Microsoft Visual Studio Solution File, Format Version 12.00
# Visual Studio Version 17
VisualStudioVersion = 17.6.33801.468
MinimumVisualStudioVersion = 10.0.40219.1
Project("{9A19103F-16F7-4668-BE54-9A1E7A4F7556}") = "Code6-1_DataTime", "Code6-1_DataTime\Code6-1_DataTime.csproj", "{E74D4604-4622-43EA-843A-5A5D1B3D06C2}"
EndProject
Project("{9A19103F-16F7-4668-BE54-9A1E7A4F7556}") = "Code6-1-3_Stopwatch", "Code6-1-3_Stopwatch\Code6-1-3_Stopwatch.csproj", "{65946A0B-B773-4265-A91A-10D4DF83828A}"
EndProject
Project("{9A19103F-16F7-4668-BE54-9A1E7A4F7556}") = "Code6-2_string", "Code6-2_string\Code6-2_string.csproj", "{3B3B7391-B5EE-4ADF-8792-0376708206F6}"
EndProject
Project("{9A19103F-16F7-4668-BE54-9A1E7A4F7556}") = "Ex6-3_Format", "Ex6-3_Format\Ex6-3_Format.csproj", "{727143AC-55F8-4E87-91E1-5080B2CB73F6}"
EndProject
Project("{9A19103F-16F7-4668-BE54-9A1E7A4F7556}") = "Code6-4_StringBuilder", "Code6-4_StringBuilder\Code6-4_StringBuilder.csproj", "{374F78EE-9E0C-45B3-A53F-FE2876711A49}"
EndProject
Project("{9A19103F-16F7-4668-BE54-9A1E7A4F7556}") = "Ex6-5_RegularExpression", "Ex6-5_RegularExpression\Ex6-5_RegularExpression.csproj", "{01B8E122-861D-4522-845E-CD709CEADEB1}"
EndProject
Project("{9A19103F-16F7-4668-BE54-9A1E7A4F7556}") = "Ex6-5_IsEmail", "Ex6-5_IsEmail\Ex6-5_IsEmail.csproj", "{C7BA8610-4CE3-45C8-9744-A6AA16192778}"
EndProject
Project("{9A19103F-16F7-4668-BE54-9A1E7A4F7556}") = "Ex6-5-1_Replace", "Ex6-5-1_Replace\Ex6-5-1_Replace.csproj", "{92D6860C-54CC-4E8B-9D57-CF709DBD6160}"
EndProject
Project("{9A19103F-16F7-4668-BE54-9A1E7A4F7556}") = "Ex6-6_BitConverter", "Ex6-6_BitConverter\Ex6-6_BitConverter.csproj", "{32713AE8-2D02-44DD-94CC-1DEE8B891200}"
EndProject
Project("{9A19103F-16F7-4668-BE54-9A1E7A4F7556}") = "Ex6-8_MemoryStream", "Ex6-8_MemoryStream\Ex6-8_MemoryStream.csproj", "{506A4651-5D34-4D3E-85D1-8866F37E4F3B}"
EndProject
Project("{9A19103F-16F7-4668-BE54-9A1E7A4F7556}") = "Ex6-9_StreamWrite", "Ex6-9_StreamWrite\Ex6-9_StreamWrite.csproj", "{BCA72B58-FBEA-462F-B0EE-D11445DB8C3B}"
EndProject
Project("{9A19103F-16F7-4668-BE54-9A1E7A4F7556}") = "Ex6-10_BinaryWriter_BinaryReader", "Ex6-10_BinaryWriter_BinaryReader\Ex6-10_BinaryWriter_BinaryReader.csproj", "{596B070A-35C1-482A-850B-080E38C9400B}"
EndProject
Project("{9A19103F-16F7-4668-BE54-9A1E7A4F7556}") = "Ex6-12_BinaryFormatter", "Ex6-12_BinaryFormatter\Ex6-12_BinaryFormatter.csproj", "{4740105B-5025-474C-8CEC-60F9EC7D90AB}"
EndProject
Project("{9A19103F-16F7-4668-BE54-9A1E7A4F7556}") = "Ex6-3-6_XmlSerializer", "Ex6-3-6_XmlSerializer\Ex6-3-6_XmlSerializer.csproj", "{A77FC0A0-24B2-4FDE-AE46-110F906BF170}"
EndProject
Project("{9A19103F-16F7-4668-BE54-9A1E7A4F7556}") = "Ex6-3-7_DataContractJsonSerializer", "Ex6-3-7_DataContractJsonSerializer\Ex6-3-7_DataContractJsonSerializer.csproj", "{25601AE8-D561-4E70-9D97-DF1B46CCDEE5}"
EndProject
Project("{9A19103F-16F7-4668-BE54-9A1E7A4F7556}") = "Ex6-13_ArrayList", "Ex6-13_ArrayList\Ex6-13_ArrayList.csproj", "{A7526038-2A98-46B4-BE69-225AB847606C}"
EndProject
Project("{9A19103F-16F7-4668-BE54-9A1E7A4F7556}") = "Ex6-14_IComparable", "Ex6-14_IComparable\Ex6-14_IComparable.csproj", "{72BBC102-429C-4F65-AD31-6515599B2BAB}"
EndProject
Project("{9A19103F-16F7-4668-BE54-9A1E7A4F7556}") = "Ex6-17_FileStream", "Ex6-17_FileStream\Ex6-17_FileStream.csproj", "{08BC792E-8B10-41C6-9108-D40B1C585E08}"
EndProject
Project("{9A19103F-16F7-4668-BE54-9A1E7A4F7556}") = "Ex6-18_Move_OverWrite", "Ex6-18_Move_OverWrite\Ex6-18_Move_OverWrite.csproj", "{555EA864-F000-45BD-B5ED-472A4F251D60}"
EndProject
Project("{9A19103F-16F7-4668-BE54-9A1E7A4F7556}") = "Ex6-5-3_Directory_DirectoryInfo", "Ex6-5-3_Directory_DirectoryInfo\Ex6-5-3_Directory_DirectoryInfo.csproj", "{FDFC2FF9-7464-4613-86EE-F371CC242B60}"
EndProject
Project("{9A19103F-16F7-4668-BE54-9A1E7A4F7556}") = "Ex6-6-1_Thread", "Ex6-6-1_Thread\Ex6-6-1_Thread.csproj", "{228429A8-D813-4ED8-8600-7180DD00C9F4}"
EndProject
Project("{9A19103F-16F7-4668-BE54-9A1E7A4F7556}") = "Ex6-19_Thread", "Ex6-19_Thread\Ex6-19_Thread.csproj", "{AB6D6E8D-BEC9-4E1B-918B-CC4B7585CBCE}"
EndProject
Project("{9A19103F-16F7-4668-BE54-9A1E7A4F7556}") = "Ex6-20_Join", "Ex6-20_Join\Ex6-20_Join.csproj", "{D7330536-30FA-4F0D-84B1-AE936C409CFC}"
EndProject
Project("{9A19103F-16F7-4668-BE54-9A1E7A4F7556}") = "Ex6-22_GetPrimeNum_Thread", "Ex6-22_GetPrimeNum_Thread\Ex6-22_GetPrimeNum_Thread.csproj", "{3B68C8CD-7766-4968-A886-CDF9E4EC8B71}"
EndProject
Project("{9A19103F-16F7-4668-BE54-9A1E7A4F7556}") = "Ex6-23_MultiThread_SingleVariable", "Ex6-23_MultiThread_SingleVariable\Ex6-23_MultiThread_SingleVariable.csproj", "{224FE8FD-9229-462A-9AD0-5157469CDAA2}"
EndProject
Project("{9A19103F-16F7-4668-BE54-9A1E7A4F7556}") = "Ex6-24_Monitor", "Ex6-24_Monitor\Ex6-24_Monitor.csproj", "{8A1FB645-8777-4A93-9E29-7A3D2915B6BE}"
EndProject
Project("{9A19103F-16F7-4668-BE54-9A1E7A4F7556}") = "Ex6-24-1_lock", "Ex6-24-1_lock\Ex6-24-1_lock.csproj", "{58B01607-E97C-498B-AB75-D4CF0D4DD11C}"
EndProject
Project("{9A19103F-16F7-4668-BE54-9A1E7A4F7556}") = "Ex6-26_NotThreadSafe", "Ex6-26_NotThreadSafe\Ex6-26_NotThreadSafe.csproj", "{3416564D-A2DC-4038-9E45-F87D5DA2B7E7}"
EndProject
Project("{9A19103F-16F7-4668-BE54-9A1E7A4F7556}") = "Ex6-25_ThreadSafe", "Ex6-25_ThreadSafe\Ex6-25_ThreadSafe.csproj", "{32948D22-FB4B-4B18-806A-041A2CF46959}"
EndProject
Project("{9A19103F-16F7-4668-BE54-9A1E7A4F7556}") = "Ex6-25-1_Interlocked", "Ex6-25-1_Interlocked\Ex6-25-1_Interlocked.csproj", "{543481A3-F203-4296-860F-97DBDCB25963}"
EndProject
Project("{9A19103F-16F7-4668-BE54-9A1E7A4F7556}") = "Ex6-27_ThreadPool", "Ex6-27_ThreadPool\Ex6-27_ThreadPool.csproj", "{49261F53-DC22-429C-8731-8D16B7A1167F}"
EndProject
Project("{9A19103F-16F7-4668-BE54-9A1E7A4F7556}") = "Ex6-6-5_EventWaitHandle", "Ex6-6-5_EventWaitHandle\Ex6-6-5_EventWaitHandle.csproj", "{A6DC5F15-624E-4260-A248-C6901E2A8C1D}"
EndProject
Project("{9A19103F-16F7-4668-BE54-9A1E7A4F7556}") = "Ex6-28_ImprovedThreadPool", "Ex6-28_ImprovedThreadPool\Ex6-28_ImprovedThreadPool.csproj", "{8FD1DE4A-ABB1-4350-9093-E59DD31A023C}"
EndProject
Project("{9A19103F-16F7-4668-BE54-9A1E7A4F7556}") = "Ex6-29_SynchronousFileRead", "Ex6-29_SynchronousFileRead\Ex6-29_SynchronousFileRead.csproj", "{EFBB07AA-73D9-4E1D-A112-770CE158F188}"
EndProject
Project("{9A19103F-16F7-4668-BE54-9A1E7A4F7556}") = "Ex6-30_AsynchronousFileRead", "Ex6-30_AsynchronousFileRead\Ex6-30_AsynchronousFileRead.csproj", "{FFE948D9-5725-4010-8694-F2E7E25CDABB}"
EndProject
Project("{9A19103F-16F7-4668-BE54-9A1E7A4F7556}") = "Ex6-30-1_ThreadPool", "Ex6-30-1_ThreadPool\Ex6-30-1_ThreadPool.csproj", "{0F518EB8-E026-4DA9-9C6B-9E5CC2162319}"
EndProject
Project("{9A19103F-16F7-4668-BE54-9A1E7A4F7556}") = "Unit6-6-7_Delegate", "Unit6-6-7_Delegate\Unit6-6-7_Delegate.csproj", "{AF3A647D-0192-4FA3-8416-F976E585AF00}"
EndProject
Project("{9A19103F-16F7-4668-BE54-9A1E7A4F7556}") = "Ex6-31_DelegateAsyncrouousCall", "Ex6-31_DelegateAsyncrouousCall\Ex6-31_DelegateAsyncrouousCall.csproj", "{52362D77-788F-4E64-AFA8-0A0BEB5D79AF}"
EndProject
Project("{9A19103F-16F7-4668-BE54-9A1E7A4F7556}") = "Unit6-7-1_SystemNetIPAddress", "Unit6-7-1_SystemNetIPAddress\Unit6-7-1_SystemNetIPAddress.csproj", "{FA512A6F-86F9-4972-89CB-97B87E8641B9}"
EndProject
Project("{9A19103F-16F7-4668-BE54-9A1E7A4F7556}") = "Unit6-7-3_SystemNetIPEndPoint", "Unit6-7-3_SystemNetIPEndPoint\Unit6-7-3_SystemNetIPEndPoint.csproj", "{23B5F97F-AD06-4296-846F-A142306B235E}"
EndProject
Project("{9A19103F-16F7-4668-BE54-9A1E7A4F7556}") = "Ex6-32_MyComputerIPAddress", "Ex6-32_MyComputerIPAddress\Ex6-32_MyComputerIPAddress.csproj", "{447760A8-D8A5-4312-A53A-5311D6529983}"
EndProject
Project("{9A19103F-16F7-4668-BE54-9A1E7A4F7556}") = "Ex6-33_SocketProgram", "Ex6-33_SocketProgram\Ex6-33_SocketProgram.csproj", "{50CBDF57-47EF-48C2-BC10-3DF0EC03CD04}"
EndProject
Project("{9A19103F-16F7-4668-BE54-9A1E7A4F7556}") = "Ex6-34_UDPSocketServerBinding", "Ex6-34_UDPSocketServerBinding\Ex6-34_UDPSocketServerBinding.csproj", "{ABA7E666-3D72-4FB1-B3F8-91E5B39E350F}"
EndProject
Project("{9A19103F-16F7-4668-BE54-9A1E7A4F7556}") = "Es6-35_UDPServerSocket_Finally", "Es6-35_UDPServerSocket_Finally\Es6-35_UDPServerSocket_Finally.csproj", "{BC044417-158B-4F84-B57C-EF988751A199}"
EndProject
Project("{9A19103F-16F7-4668-BE54-9A1E7A4F7556}") = "Ex6-35_UDP_ServerSocket", "Ex6-35_UDP_ServerSocket\Ex6-35_UDP_ServerSocket.csproj", "{8DC7427F-BED8-4124-A97C-86BF8A371E06}"
EndProject
Project("{9A19103F-16F7-4668-BE54-9A1E7A4F7556}") = "Ex6-36_UDP_ClientSocket", "Ex6-36_UDP_ClientSocket\Ex6-36_UDP_ClientSocket.csproj", "{3CFADE6F-18C7-4B87-B4D3-F98550D6FFD8}"
EndProject
Project("{9A19103F-16F7-4668-BE54-9A1E7A4F7556}") = "Ex6-38_TCP_ServerSocket", "Ex6-38_TCP_ServerSocket\Ex6-38_TCP_ServerSocket.csproj", "{2315F3F2-07CF-4FBC-B364-6175457BFCB4}"
EndProject
Project("{9A19103F-16F7-4668-BE54-9A1E7A4F7556}") = "Ex6-39_TCP_ClientSocket", "Ex6-39_TCP_ClientSocket\Ex6-39_TCP_ClientSocket.csproj", "{1EC4BFF0-8E72-4DF6-82FA-2C8F3E7E6AFE}"
EndProject
Project("{9A19103F-16F7-4668-BE54-9A1E7A4F7556}") = "Unit6-7-5-2_TCP_Socket", "Unit6-7-5-2_TCP_Socket\Unit6-7-5-2_TCP_Socket.csproj", "{A8C42F2F-5876-4D12-9455-689FAFF15065}"
EndProject
Project("{9A19103F-16F7-4668-BE54-9A1E7A4F7556}") = "Unit6-7-5-3_TCP-MultiThread", "Unit6-7-5-3_TCP-MultiThread\Unit6-7-5-3_TCP-MultiThread.csproj", "{0A81E53E-774A-4D61-99DA-24F4AB69ED1A}"
EndProject
Project("{9A19103F-16F7-4668-BE54-9A1E7A4F7556}") = "Ex6-40_TCP_Asynchronous", "Ex6-40_TCP_Asynchronous\Ex6-40_TCP_Asynchronous.csproj", "{635206DD-A29D-4132-A6B6-24DCA9603F51}"
EndProject
Project("{9A19103F-16F7-4668-BE54-9A1E7A4F7556}") = "Ex6-41_TCP_HTTP", "Ex6-41_TCP_HTTP\Ex6-41_TCP_HTTP.csproj", "{377E47DB-EE48-4035-A529-6A4772FC188C}"
EndProject
Project("{FAE04EC0-301F-11D3-BF4B-00C04F79EFBC}") = "Ex6-42_TCP_HTTP", "Ex6-42_TCP_HTTP\Ex6-42_TCP_HTTP.csproj", "{81091E20-F518-4AD1-8A74-5A45D78A7E31}"
EndProject
Project("{FAE04EC0-301F-11D3-BF4B-00C04F79EFBC}") = "Unit6-7-6_HttpWebRequest", "Unit6-7-6_HttpWebRequest\Unit6-7-6_HttpWebRequest.csproj", "{66FCB9D8-1C32-49BA-84DC-1B1636EA4241}"
EndProject
Project("{FAE04EC0-301F-11D3-BF4B-00C04F79EFBC}") = "Unit6-7-7_WebClient", "Unit6-7-7_WebClient\Unit6-7-7_WebClient.csproj", "{13B3648A-4CC1-47EE-A9B6-1A7C3E7B7645}"
EndProject
Global
	GlobalSection(SolutionConfigurationPlatforms) = preSolution
		Debug|Any CPU = Debug|Any CPU
		Debug|x64 = Debug|x64
		Debug|x86 = Debug|x86
		Release|Any CPU = Release|Any CPU
		Release|x64 = Release|x64
		Release|x86 = Release|x86
	EndGlobalSection
	GlobalSection(ProjectConfigurationPlatforms) = postSolution
		{E74D4604-4622-43EA-843A-5A5D1B3D06C2}.Debug|Any CPU.ActiveCfg = Debug|Any CPU
		{E74D4604-4622-43EA-843A-5A5D1B3D06C2}.Debug|Any CPU.Build.0 = Debug|Any CPU
		{E74D4604-4622-43EA-843A-5A5D1B3D06C2}.Debug|x64.ActiveCfg = Debug|Any CPU
		{E74D4604-4622-43EA-843A-5A5D1B3D06C2}.Debug|x64.Build.0 = Debug|Any CPU
		{E74D4604-4622-43EA-843A-5A5D1B3D06C2}.Debug|x86.ActiveCfg = Debug|Any CPU
		{E74D4604-4622-43EA-843A-5A5D1B3D06C2}.Debug|x86.Build.0 = Debug|Any CPU
		{E74D4604-4622-43EA-843A-5A5D1B3D06C2}.Release|Any CPU.ActiveCfg = Release|Any CPU
		{E74D4604-4622-43EA-843A-5A5D1B3D06C2}.Release|Any CPU.Build.0 = Release|Any CPU
		{E74D4604-4622-43EA-843A-5A5D1B3D06C2}.Release|x64.ActiveCfg = Release|Any CPU
		{E74D4604-4622-43EA-843A-5A5D1B3D06C2}.Release|x64.Build.0 = Release|Any CPU
		{E74D4604-4622-43EA-843A-5A5D1B3D06C2}.Release|x86.ActiveCfg = Release|Any CPU
		{E74D4604-4622-43EA-843A-5A5D1B3D06C2}.Release|x86.Build.0 = Release|Any CPU
		{65946A0B-B773-4265-A91A-10D4DF83828A}.Debug|Any CPU.ActiveCfg = Debug|Any CPU
		{65946A0B-B773-4265-A91A-10D4DF83828A}.Debug|Any CPU.Build.0 = Debug|Any CPU
		{65946A0B-B773-4265-A91A-10D4DF83828A}.Debug|x64.ActiveCfg = Debug|Any CPU
		{65946A0B-B773-4265-A91A-10D4DF83828A}.Debug|x64.Build.0 = Debug|Any CPU
		{65946A0B-B773-4265-A91A-10D4DF83828A}.Debug|x86.ActiveCfg = Debug|Any CPU
		{65946A0B-B773-4265-A91A-10D4DF83828A}.Debug|x86.Build.0 = Debug|Any CPU
		{65946A0B-B773-4265-A91A-10D4DF83828A}.Release|Any CPU.ActiveCfg = Release|Any CPU
		{65946A0B-B773-4265-A91A-10D4DF83828A}.Release|Any CPU.Build.0 = Release|Any CPU
		{65946A0B-B773-4265-A91A-10D4DF83828A}.Release|x64.ActiveCfg = Release|Any CPU
		{65946A0B-B773-4265-A91A-10D4DF83828A}.Release|x64.Build.0 = Release|Any CPU
		{65946A0B-B773-4265-A91A-10D4DF83828A}.Release|x86.ActiveCfg = Release|Any CPU
		{65946A0B-B773-4265-A91A-10D4DF83828A}.Release|x86.Build.0 = Release|Any CPU
		{3B3B7391-B5EE-4ADF-8792-0376708206F6}.Debug|Any CPU.ActiveCfg = Debug|Any CPU
		{3B3B7391-B5EE-4ADF-8792-0376708206F6}.Debug|Any CPU.Build.0 = Debug|Any CPU
		{3B3B7391-B5EE-4ADF-8792-0376708206F6}.Debug|x64.ActiveCfg = Debug|Any CPU
		{3B3B7391-B5EE-4ADF-8792-0376708206F6}.Debug|x64.Build.0 = Debug|Any CPU
		{3B3B7391-B5EE-4ADF-8792-0376708206F6}.Debug|x86.ActiveCfg = Debug|Any CPU
		{3B3B7391-B5EE-4ADF-8792-0376708206F6}.Debug|x86.Build.0 = Debug|Any CPU
		{3B3B7391-B5EE-4ADF-8792-0376708206F6}.Release|Any CPU.ActiveCfg = Release|Any CPU
		{3B3B7391-B5EE-4ADF-8792-0376708206F6}.Release|Any CPU.Build.0 = Release|Any CPU
		{3B3B7391-B5EE-4ADF-8792-0376708206F6}.Release|x64.ActiveCfg = Release|Any CPU
		{3B3B7391-B5EE-4ADF-8792-0376708206F6}.Release|x64.Build.0 = Release|Any CPU
		{3B3B7391-B5EE-4ADF-8792-0376708206F6}.Release|x86.ActiveCfg = Release|Any CPU
		{3B3B7391-B5EE-4ADF-8792-0376708206F6}.Release|x86.Build.0 = Release|Any CPU
		{727143AC-55F8-4E87-91E1-5080B2CB73F6}.Debug|Any CPU.ActiveCfg = Debug|Any CPU
		{727143AC-55F8-4E87-91E1-5080B2CB73F6}.Debug|Any CPU.Build.0 = Debug|Any CPU
		{727143AC-55F8-4E87-91E1-5080B2CB73F6}.Debug|x64.ActiveCfg = Debug|Any CPU
		{727143AC-55F8-4E87-91E1-5080B2CB73F6}.Debug|x64.Build.0 = Debug|Any CPU
		{727143AC-55F8-4E87-91E1-5080B2CB73F6}.Debug|x86.ActiveCfg = Debug|Any CPU
		{727143AC-55F8-4E87-91E1-5080B2CB73F6}.Debug|x86.Build.0 = Debug|Any CPU
		{727143AC-55F8-4E87-91E1-5080B2CB73F6}.Release|Any CPU.ActiveCfg = Release|Any CPU
		{727143AC-55F8-4E87-91E1-5080B2CB73F6}.Release|Any CPU.Build.0 = Release|Any CPU
		{727143AC-55F8-4E87-91E1-5080B2CB73F6}.Release|x64.ActiveCfg = Release|Any CPU
		{727143AC-55F8-4E87-91E1-5080B2CB73F6}.Release|x64.Build.0 = Release|Any CPU
		{727143AC-55F8-4E87-91E1-5080B2CB73F6}.Release|x86.ActiveCfg = Release|Any CPU
		{727143AC-55F8-4E87-91E1-5080B2CB73F6}.Release|x86.Build.0 = Release|Any CPU
		{374F78EE-9E0C-45B3-A53F-FE2876711A49}.Debug|Any CPU.ActiveCfg = Debug|Any CPU
		{374F78EE-9E0C-45B3-A53F-FE2876711A49}.Debug|Any CPU.Build.0 = Debug|Any CPU
		{374F78EE-9E0C-45B3-A53F-FE2876711A49}.Debug|x64.ActiveCfg = Debug|Any CPU
		{374F78EE-9E0C-45B3-A53F-FE2876711A49}.Debug|x64.Build.0 = Debug|Any CPU
		{374F78EE-9E0C-45B3-A53F-FE2876711A49}.Debug|x86.ActiveCfg = Debug|Any CPU
		{374F78EE-9E0C-45B3-A53F-FE2876711A49}.Debug|x86.Build.0 = Debug|Any CPU
		{374F78EE-9E0C-45B3-A53F-FE2876711A49}.Release|Any CPU.ActiveCfg = Release|Any CPU
		{374F78EE-9E0C-45B3-A53F-FE2876711A49}.Release|Any CPU.Build.0 = Release|Any CPU
		{374F78EE-9E0C-45B3-A53F-FE2876711A49}.Release|x64.ActiveCfg = Release|Any CPU
		{374F78EE-9E0C-45B3-A53F-FE2876711A49}.Release|x64.Build.0 = Release|Any CPU
		{374F78EE-9E0C-45B3-A53F-FE2876711A49}.Release|x86.ActiveCfg = Release|Any CPU
		{374F78EE-9E0C-45B3-A53F-FE2876711A49}.Release|x86.Build.0 = Release|Any CPU
		{01B8E122-861D-4522-845E-CD709CEADEB1}.Debug|Any CPU.ActiveCfg = Debug|Any CPU
		{01B8E122-861D-4522-845E-CD709CEADEB1}.Debug|Any CPU.Build.0 = Debug|Any CPU
		{01B8E122-861D-4522-845E-CD709CEADEB1}.Debug|x64.ActiveCfg = Debug|Any CPU
		{01B8E122-861D-4522-845E-CD709CEADEB1}.Debug|x64.Build.0 = Debug|Any CPU
		{01B8E122-861D-4522-845E-CD709CEADEB1}.Debug|x86.ActiveCfg = Debug|Any CPU
		{01B8E122-861D-4522-845E-CD709CEADEB1}.Debug|x86.Build.0 = Debug|Any CPU
		{01B8E122-861D-4522-845E-CD709CEADEB1}.Release|Any CPU.ActiveCfg = Release|Any CPU
		{01B8E122-861D-4522-845E-CD709CEADEB1}.Release|Any CPU.Build.0 = Release|Any CPU
		{01B8E122-861D-4522-845E-CD709CEADEB1}.Release|x64.ActiveCfg = Release|Any CPU
		{01B8E122-861D-4522-845E-CD709CEADEB1}.Release|x64.Build.0 = Release|Any CPU
		{01B8E122-861D-4522-845E-CD709CEADEB1}.Release|x86.ActiveCfg = Release|Any CPU
		{01B8E122-861D-4522-845E-CD709CEADEB1}.Release|x86.Build.0 = Release|Any CPU
		{C7BA8610-4CE3-45C8-9744-A6AA16192778}.Debug|Any CPU.ActiveCfg = Debug|Any CPU
		{C7BA8610-4CE3-45C8-9744-A6AA16192778}.Debug|Any CPU.Build.0 = Debug|Any CPU
		{C7BA8610-4CE3-45C8-9744-A6AA16192778}.Debug|x64.ActiveCfg = Debug|Any CPU
		{C7BA8610-4CE3-45C8-9744-A6AA16192778}.Debug|x64.Build.0 = Debug|Any CPU
		{C7BA8610-4CE3-45C8-9744-A6AA16192778}.Debug|x86.ActiveCfg = Debug|Any CPU
		{C7BA8610-4CE3-45C8-9744-A6AA16192778}.Debug|x86.Build.0 = Debug|Any CPU
		{C7BA8610-4CE3-45C8-9744-A6AA16192778}.Release|Any CPU.ActiveCfg = Release|Any CPU
		{C7BA8610-4CE3-45C8-9744-A6AA16192778}.Release|Any CPU.Build.0 = Release|Any CPU
		{C7BA8610-4CE3-45C8-9744-A6AA16192778}.Release|x64.ActiveCfg = Release|Any CPU
		{C7BA8610-4CE3-45C8-9744-A6AA16192778}.Release|x64.Build.0 = Release|Any CPU
		{C7BA8610-4CE3-45C8-9744-A6AA16192778}.Release|x86.ActiveCfg = Release|Any CPU
		{C7BA8610-4CE3-45C8-9744-A6AA16192778}.Release|x86.Build.0 = Release|Any CPU
		{92D6860C-54CC-4E8B-9D57-CF709DBD6160}.Debug|Any CPU.ActiveCfg = Debug|Any CPU
		{92D6860C-54CC-4E8B-9D57-CF709DBD6160}.Debug|Any CPU.Build.0 = Debug|Any CPU
		{92D6860C-54CC-4E8B-9D57-CF709DBD6160}.Debug|x64.ActiveCfg = Debug|Any CPU
		{92D6860C-54CC-4E8B-9D57-CF709DBD6160}.Debug|x64.Build.0 = Debug|Any CPU
		{92D6860C-54CC-4E8B-9D57-CF709DBD6160}.Debug|x86.ActiveCfg = Debug|Any CPU
		{92D6860C-54CC-4E8B-9D57-CF709DBD6160}.Debug|x86.Build.0 = Debug|Any CPU
		{92D6860C-54CC-4E8B-9D57-CF709DBD6160}.Release|Any CPU.ActiveCfg = Release|Any CPU
		{92D6860C-54CC-4E8B-9D57-CF709DBD6160}.Release|Any CPU.Build.0 = Release|Any CPU
		{92D6860C-54CC-4E8B-9D57-CF709DBD6160}.Release|x64.ActiveCfg = Release|Any CPU
		{92D6860C-54CC-4E8B-9D57-CF709DBD6160}.Release|x64.Build.0 = Release|Any CPU
		{92D6860C-54CC-4E8B-9D57-CF709DBD6160}.Release|x86.ActiveCfg = Release|Any CPU
		{92D6860C-54CC-4E8B-9D57-CF709DBD6160}.Release|x86.Build.0 = Release|Any CPU
		{32713AE8-2D02-44DD-94CC-1DEE8B891200}.Debug|Any CPU.ActiveCfg = Debug|Any CPU
		{32713AE8-2D02-44DD-94CC-1DEE8B891200}.Debug|Any CPU.Build.0 = Debug|Any CPU
		{32713AE8-2D02-44DD-94CC-1DEE8B891200}.Debug|x64.ActiveCfg = Debug|Any CPU
		{32713AE8-2D02-44DD-94CC-1DEE8B891200}.Debug|x64.Build.0 = Debug|Any CPU
		{32713AE8-2D02-44DD-94CC-1DEE8B891200}.Debug|x86.ActiveCfg = Debug|Any CPU
		{32713AE8-2D02-44DD-94CC-1DEE8B891200}.Debug|x86.Build.0 = Debug|Any CPU
		{32713AE8-2D02-44DD-94CC-1DEE8B891200}.Release|Any CPU.ActiveCfg = Release|Any CPU
		{32713AE8-2D02-44DD-94CC-1DEE8B891200}.Release|Any CPU.Build.0 = Release|Any CPU
		{32713AE8-2D02-44DD-94CC-1DEE8B891200}.Release|x64.ActiveCfg = Release|Any CPU
		{32713AE8-2D02-44DD-94CC-1DEE8B891200}.Release|x64.Build.0 = Release|Any CPU
		{32713AE8-2D02-44DD-94CC-1DEE8B891200}.Release|x86.ActiveCfg = Release|Any CPU
		{32713AE8-2D02-44DD-94CC-1DEE8B891200}.Release|x86.Build.0 = Release|Any CPU
		{506A4651-5D34-4D3E-85D1-8866F37E4F3B}.Debug|Any CPU.ActiveCfg = Debug|Any CPU
		{506A4651-5D34-4D3E-85D1-8866F37E4F3B}.Debug|Any CPU.Build.0 = Debug|Any CPU
		{506A4651-5D34-4D3E-85D1-8866F37E4F3B}.Debug|x64.ActiveCfg = Debug|Any CPU
		{506A4651-5D34-4D3E-85D1-8866F37E4F3B}.Debug|x64.Build.0 = Debug|Any CPU
		{506A4651-5D34-4D3E-85D1-8866F37E4F3B}.Debug|x86.ActiveCfg = Debug|Any CPU
		{506A4651-5D34-4D3E-85D1-8866F37E4F3B}.Debug|x86.Build.0 = Debug|Any CPU
		{506A4651-5D34-4D3E-85D1-8866F37E4F3B}.Release|Any CPU.ActiveCfg = Release|Any CPU
		{506A4651-5D34-4D3E-85D1-8866F37E4F3B}.Release|Any CPU.Build.0 = Release|Any CPU
		{506A4651-5D34-4D3E-85D1-8866F37E4F3B}.Release|x64.ActiveCfg = Release|Any CPU
		{506A4651-5D34-4D3E-85D1-8866F37E4F3B}.Release|x64.Build.0 = Release|Any CPU
		{506A4651-5D34-4D3E-85D1-8866F37E4F3B}.Release|x86.ActiveCfg = Release|Any CPU
		{506A4651-5D34-4D3E-85D1-8866F37E4F3B}.Release|x86.Build.0 = Release|Any CPU
		{BCA72B58-FBEA-462F-B0EE-D11445DB8C3B}.Debug|Any CPU.ActiveCfg = Debug|Any CPU
		{BCA72B58-FBEA-462F-B0EE-D11445DB8C3B}.Debug|Any CPU.Build.0 = Debug|Any CPU
		{BCA72B58-FBEA-462F-B0EE-D11445DB8C3B}.Debug|x64.ActiveCfg = Debug|Any CPU
		{BCA72B58-FBEA-462F-B0EE-D11445DB8C3B}.Debug|x64.Build.0 = Debug|Any CPU
		{BCA72B58-FBEA-462F-B0EE-D11445DB8C3B}.Debug|x86.ActiveCfg = Debug|Any CPU
		{BCA72B58-FBEA-462F-B0EE-D11445DB8C3B}.Debug|x86.Build.0 = Debug|Any CPU
		{BCA72B58-FBEA-462F-B0EE-D11445DB8C3B}.Release|Any CPU.ActiveCfg = Release|Any CPU
		{BCA72B58-FBEA-462F-B0EE-D11445DB8C3B}.Release|Any CPU.Build.0 = Release|Any CPU
		{BCA72B58-FBEA-462F-B0EE-D11445DB8C3B}.Release|x64.ActiveCfg = Release|Any CPU
		{BCA72B58-FBEA-462F-B0EE-D11445DB8C3B}.Release|x64.Build.0 = Release|Any CPU
		{BCA72B58-FBEA-462F-B0EE-D11445DB8C3B}.Release|x86.ActiveCfg = Release|Any CPU
		{BCA72B58-FBEA-462F-B0EE-D11445DB8C3B}.Release|x86.Build.0 = Release|Any CPU
		{596B070A-35C1-482A-850B-080E38C9400B}.Debug|Any CPU.ActiveCfg = Debug|Any CPU
		{596B070A-35C1-482A-850B-080E38C9400B}.Debug|Any CPU.Build.0 = Debug|Any CPU
		{596B070A-35C1-482A-850B-080E38C9400B}.Debug|x64.ActiveCfg = Debug|Any CPU
		{596B070A-35C1-482A-850B-080E38C9400B}.Debug|x64.Build.0 = Debug|Any CPU
		{596B070A-35C1-482A-850B-080E38C9400B}.Debug|x86.ActiveCfg = Debug|Any CPU
		{596B070A-35C1-482A-850B-080E38C9400B}.Debug|x86.Build.0 = Debug|Any CPU
		{596B070A-35C1-482A-850B-080E38C9400B}.Release|Any CPU.ActiveCfg = Release|Any CPU
		{596B070A-35C1-482A-850B-080E38C9400B}.Release|Any CPU.Build.0 = Release|Any CPU
		{596B070A-35C1-482A-850B-080E38C9400B}.Release|x64.ActiveCfg = Release|Any CPU
		{596B070A-35C1-482A-850B-080E38C9400B}.Release|x64.Build.0 = Release|Any CPU
		{596B070A-35C1-482A-850B-080E38C9400B}.Release|x86.ActiveCfg = Release|Any CPU
		{596B070A-35C1-482A-850B-080E38C9400B}.Release|x86.Build.0 = Release|Any CPU
		{4740105B-5025-474C-8CEC-60F9EC7D90AB}.Debug|Any CPU.ActiveCfg = Debug|Any CPU
		{4740105B-5025-474C-8CEC-60F9EC7D90AB}.Debug|Any CPU.Build.0 = Debug|Any CPU
		{4740105B-5025-474C-8CEC-60F9EC7D90AB}.Debug|x64.ActiveCfg = Debug|Any CPU
		{4740105B-5025-474C-8CEC-60F9EC7D90AB}.Debug|x64.Build.0 = Debug|Any CPU
		{4740105B-5025-474C-8CEC-60F9EC7D90AB}.Debug|x86.ActiveCfg = Debug|Any CPU
		{4740105B-5025-474C-8CEC-60F9EC7D90AB}.Debug|x86.Build.0 = Debug|Any CPU
		{4740105B-5025-474C-8CEC-60F9EC7D90AB}.Release|Any CPU.ActiveCfg = Release|Any CPU
		{4740105B-5025-474C-8CEC-60F9EC7D90AB}.Release|Any CPU.Build.0 = Release|Any CPU
		{4740105B-5025-474C-8CEC-60F9EC7D90AB}.Release|x64.ActiveCfg = Release|Any CPU
		{4740105B-5025-474C-8CEC-60F9EC7D90AB}.Release|x64.Build.0 = Release|Any CPU
		{4740105B-5025-474C-8CEC-60F9EC7D90AB}.Release|x86.ActiveCfg = Release|Any CPU
		{4740105B-5025-474C-8CEC-60F9EC7D90AB}.Release|x86.Build.0 = Release|Any CPU
		{A77FC0A0-24B2-4FDE-AE46-110F906BF170}.Debug|Any CPU.ActiveCfg = Debug|Any CPU
		{A77FC0A0-24B2-4FDE-AE46-110F906BF170}.Debug|Any CPU.Build.0 = Debug|Any CPU
		{A77FC0A0-24B2-4FDE-AE46-110F906BF170}.Debug|x64.ActiveCfg = Debug|Any CPU
		{A77FC0A0-24B2-4FDE-AE46-110F906BF170}.Debug|x64.Build.0 = Debug|Any CPU
		{A77FC0A0-24B2-4FDE-AE46-110F906BF170}.Debug|x86.ActiveCfg = Debug|Any CPU
		{A77FC0A0-24B2-4FDE-AE46-110F906BF170}.Debug|x86.Build.0 = Debug|Any CPU
		{A77FC0A0-24B2-4FDE-AE46-110F906BF170}.Release|Any CPU.ActiveCfg = Release|Any CPU
		{A77FC0A0-24B2-4FDE-AE46-110F906BF170}.Release|Any CPU.Build.0 = Release|Any CPU
		{A77FC0A0-24B2-4FDE-AE46-110F906BF170}.Release|x64.ActiveCfg = Release|Any CPU
		{A77FC0A0-24B2-4FDE-AE46-110F906BF170}.Release|x64.Build.0 = Release|Any CPU
		{A77FC0A0-24B2-4FDE-AE46-110F906BF170}.Release|x86.ActiveCfg = Release|Any CPU
		{A77FC0A0-24B2-4FDE-AE46-110F906BF170}.Release|x86.Build.0 = Release|Any CPU
		{25601AE8-D561-4E70-9D97-DF1B46CCDEE5}.Debug|Any CPU.ActiveCfg = Debug|Any CPU
		{25601AE8-D561-4E70-9D97-DF1B46CCDEE5}.Debug|Any CPU.Build.0 = Debug|Any CPU
		{25601AE8-D561-4E70-9D97-DF1B46CCDEE5}.Debug|x64.ActiveCfg = Debug|Any CPU
		{25601AE8-D561-4E70-9D97-DF1B46CCDEE5}.Debug|x64.Build.0 = Debug|Any CPU
		{25601AE8-D561-4E70-9D97-DF1B46CCDEE5}.Debug|x86.ActiveCfg = Debug|Any CPU
		{25601AE8-D561-4E70-9D97-DF1B46CCDEE5}.Debug|x86.Build.0 = Debug|Any CPU
		{25601AE8-D561-4E70-9D97-DF1B46CCDEE5}.Release|Any CPU.ActiveCfg = Release|Any CPU
		{25601AE8-D561-4E70-9D97-DF1B46CCDEE5}.Release|Any CPU.Build.0 = Release|Any CPU
		{25601AE8-D561-4E70-9D97-DF1B46CCDEE5}.Release|x64.ActiveCfg = Release|Any CPU
		{25601AE8-D561-4E70-9D97-DF1B46CCDEE5}.Release|x64.Build.0 = Release|Any CPU
		{25601AE8-D561-4E70-9D97-DF1B46CCDEE5}.Release|x86.ActiveCfg = Release|Any CPU
		{25601AE8-D561-4E70-9D97-DF1B46CCDEE5}.Release|x86.Build.0 = Release|Any CPU
		{A7526038-2A98-46B4-BE69-225AB847606C}.Debug|Any CPU.ActiveCfg = Debug|Any CPU
		{A7526038-2A98-46B4-BE69-225AB847606C}.Debug|Any CPU.Build.0 = Debug|Any CPU
		{A7526038-2A98-46B4-BE69-225AB847606C}.Debug|x64.ActiveCfg = Debug|Any CPU
		{A7526038-2A98-46B4-BE69-225AB847606C}.Debug|x64.Build.0 = Debug|Any CPU
		{A7526038-2A98-46B4-BE69-225AB847606C}.Debug|x86.ActiveCfg = Debug|Any CPU
		{A7526038-2A98-46B4-BE69-225AB847606C}.Debug|x86.Build.0 = Debug|Any CPU
		{A7526038-2A98-46B4-BE69-225AB847606C}.Release|Any CPU.ActiveCfg = Release|Any CPU
		{A7526038-2A98-46B4-BE69-225AB847606C}.Release|Any CPU.Build.0 = Release|Any CPU
		{A7526038-2A98-46B4-BE69-225AB847606C}.Release|x64.ActiveCfg = Release|Any CPU
		{A7526038-2A98-46B4-BE69-225AB847606C}.Release|x64.Build.0 = Release|Any CPU
		{A7526038-2A98-46B4-BE69-225AB847606C}.Release|x86.ActiveCfg = Release|Any CPU
		{A7526038-2A98-46B4-BE69-225AB847606C}.Release|x86.Build.0 = Release|Any CPU
		{72BBC102-429C-4F65-AD31-6515599B2BAB}.Debug|Any CPU.ActiveCfg = Debug|Any CPU
		{72BBC102-429C-4F65-AD31-6515599B2BAB}.Debug|Any CPU.Build.0 = Debug|Any CPU
		{72BBC102-429C-4F65-AD31-6515599B2BAB}.Debug|x64.ActiveCfg = Debug|Any CPU
		{72BBC102-429C-4F65-AD31-6515599B2BAB}.Debug|x64.Build.0 = Debug|Any CPU
		{72BBC102-429C-4F65-AD31-6515599B2BAB}.Debug|x86.ActiveCfg = Debug|Any CPU
		{72BBC102-429C-4F65-AD31-6515599B2BAB}.Debug|x86.Build.0 = Debug|Any CPU
		{72BBC102-429C-4F65-AD31-6515599B2BAB}.Release|Any CPU.ActiveCfg = Release|Any CPU
		{72BBC102-429C-4F65-AD31-6515599B2BAB}.Release|Any CPU.Build.0 = Release|Any CPU
		{72BBC102-429C-4F65-AD31-6515599B2BAB}.Release|x64.ActiveCfg = Release|Any CPU
		{72BBC102-429C-4F65-AD31-6515599B2BAB}.Release|x64.Build.0 = Release|Any CPU
		{72BBC102-429C-4F65-AD31-6515599B2BAB}.Release|x86.ActiveCfg = Release|Any CPU
		{72BBC102-429C-4F65-AD31-6515599B2BAB}.Release|x86.Build.0 = Release|Any CPU
		{08BC792E-8B10-41C6-9108-D40B1C585E08}.Debug|Any CPU.ActiveCfg = Debug|Any CPU
		{08BC792E-8B10-41C6-9108-D40B1C585E08}.Debug|Any CPU.Build.0 = Debug|Any CPU
		{08BC792E-8B10-41C6-9108-D40B1C585E08}.Debug|x64.ActiveCfg = Debug|Any CPU
		{08BC792E-8B10-41C6-9108-D40B1C585E08}.Debug|x64.Build.0 = Debug|Any CPU
		{08BC792E-8B10-41C6-9108-D40B1C585E08}.Debug|x86.ActiveCfg = Debug|Any CPU
		{08BC792E-8B10-41C6-9108-D40B1C585E08}.Debug|x86.Build.0 = Debug|Any CPU
		{08BC792E-8B10-41C6-9108-D40B1C585E08}.Release|Any CPU.ActiveCfg = Release|Any CPU
		{08BC792E-8B10-41C6-9108-D40B1C585E08}.Release|Any CPU.Build.0 = Release|Any CPU
		{08BC792E-8B10-41C6-9108-D40B1C585E08}.Release|x64.ActiveCfg = Release|Any CPU
		{08BC792E-8B10-41C6-9108-D40B1C585E08}.Release|x64.Build.0 = Release|Any CPU
		{08BC792E-8B10-41C6-9108-D40B1C585E08}.Release|x86.ActiveCfg = Release|Any CPU
		{08BC792E-8B10-41C6-9108-D40B1C585E08}.Release|x86.Build.0 = Release|Any CPU
		{555EA864-F000-45BD-B5ED-472A4F251D60}.Debug|Any CPU.ActiveCfg = Debug|Any CPU
		{555EA864-F000-45BD-B5ED-472A4F251D60}.Debug|Any CPU.Build.0 = Debug|Any CPU
		{555EA864-F000-45BD-B5ED-472A4F251D60}.Debug|x64.ActiveCfg = Debug|Any CPU
		{555EA864-F000-45BD-B5ED-472A4F251D60}.Debug|x64.Build.0 = Debug|Any CPU
		{555EA864-F000-45BD-B5ED-472A4F251D60}.Debug|x86.ActiveCfg = Debug|Any CPU
		{555EA864-F000-45BD-B5ED-472A4F251D60}.Debug|x86.Build.0 = Debug|Any CPU
		{555EA864-F000-45BD-B5ED-472A4F251D60}.Release|Any CPU.ActiveCfg = Release|Any CPU
		{555EA864-F000-45BD-B5ED-472A4F251D60}.Release|Any CPU.Build.0 = Release|Any CPU
		{555EA864-F000-45BD-B5ED-472A4F251D60}.Release|x64.ActiveCfg = Release|Any CPU
		{555EA864-F000-45BD-B5ED-472A4F251D60}.Release|x64.Build.0 = Release|Any CPU
		{555EA864-F000-45BD-B5ED-472A4F251D60}.Release|x86.ActiveCfg = Release|Any CPU
		{555EA864-F000-45BD-B5ED-472A4F251D60}.Release|x86.Build.0 = Release|Any CPU
		{FDFC2FF9-7464-4613-86EE-F371CC242B60}.Debug|Any CPU.ActiveCfg = Debug|Any CPU
		{FDFC2FF9-7464-4613-86EE-F371CC242B60}.Debug|Any CPU.Build.0 = Debug|Any CPU
		{FDFC2FF9-7464-4613-86EE-F371CC242B60}.Debug|x64.ActiveCfg = Debug|Any CPU
		{FDFC2FF9-7464-4613-86EE-F371CC242B60}.Debug|x64.Build.0 = Debug|Any CPU
		{FDFC2FF9-7464-4613-86EE-F371CC242B60}.Debug|x86.ActiveCfg = Debug|Any CPU
		{FDFC2FF9-7464-4613-86EE-F371CC242B60}.Debug|x86.Build.0 = Debug|Any CPU
		{FDFC2FF9-7464-4613-86EE-F371CC242B60}.Release|Any CPU.ActiveCfg = Release|Any CPU
		{FDFC2FF9-7464-4613-86EE-F371CC242B60}.Release|Any CPU.Build.0 = Release|Any CPU
		{FDFC2FF9-7464-4613-86EE-F371CC242B60}.Release|x64.ActiveCfg = Release|Any CPU
		{FDFC2FF9-7464-4613-86EE-F371CC242B60}.Release|x64.Build.0 = Release|Any CPU
		{FDFC2FF9-7464-4613-86EE-F371CC242B60}.Release|x86.ActiveCfg = Release|Any CPU
		{FDFC2FF9-7464-4613-86EE-F371CC242B60}.Release|x86.Build.0 = Release|Any CPU
		{228429A8-D813-4ED8-8600-7180DD00C9F4}.Debug|Any CPU.ActiveCfg = Debug|Any CPU
		{228429A8-D813-4ED8-8600-7180DD00C9F4}.Debug|Any CPU.Build.0 = Debug|Any CPU
		{228429A8-D813-4ED8-8600-7180DD00C9F4}.Debug|x64.ActiveCfg = Debug|Any CPU
		{228429A8-D813-4ED8-8600-7180DD00C9F4}.Debug|x64.Build.0 = Debug|Any CPU
		{228429A8-D813-4ED8-8600-7180DD00C9F4}.Debug|x86.ActiveCfg = Debug|Any CPU
		{228429A8-D813-4ED8-8600-7180DD00C9F4}.Debug|x86.Build.0 = Debug|Any CPU
		{228429A8-D813-4ED8-8600-7180DD00C9F4}.Release|Any CPU.ActiveCfg = Release|Any CPU
		{228429A8-D813-4ED8-8600-7180DD00C9F4}.Release|Any CPU.Build.0 = Release|Any CPU
		{228429A8-D813-4ED8-8600-7180DD00C9F4}.Release|x64.ActiveCfg = Release|Any CPU
		{228429A8-D813-4ED8-8600-7180DD00C9F4}.Release|x64.Build.0 = Release|Any CPU
		{228429A8-D813-4ED8-8600-7180DD00C9F4}.Release|x86.ActiveCfg = Release|Any CPU
		{228429A8-D813-4ED8-8600-7180DD00C9F4}.Release|x86.Build.0 = Release|Any CPU
		{AB6D6E8D-BEC9-4E1B-918B-CC4B7585CBCE}.Debug|Any CPU.ActiveCfg = Debug|Any CPU
		{AB6D6E8D-BEC9-4E1B-918B-CC4B7585CBCE}.Debug|Any CPU.Build.0 = Debug|Any CPU
		{AB6D6E8D-BEC9-4E1B-918B-CC4B7585CBCE}.Debug|x64.ActiveCfg = Debug|Any CPU
		{AB6D6E8D-BEC9-4E1B-918B-CC4B7585CBCE}.Debug|x64.Build.0 = Debug|Any CPU
		{AB6D6E8D-BEC9-4E1B-918B-CC4B7585CBCE}.Debug|x86.ActiveCfg = Debug|Any CPU
		{AB6D6E8D-BEC9-4E1B-918B-CC4B7585CBCE}.Debug|x86.Build.0 = Debug|Any CPU
		{AB6D6E8D-BEC9-4E1B-918B-CC4B7585CBCE}.Release|Any CPU.ActiveCfg = Release|Any CPU
		{AB6D6E8D-BEC9-4E1B-918B-CC4B7585CBCE}.Release|Any CPU.Build.0 = Release|Any CPU
		{AB6D6E8D-BEC9-4E1B-918B-CC4B7585CBCE}.Release|x64.ActiveCfg = Release|Any CPU
		{AB6D6E8D-BEC9-4E1B-918B-CC4B7585CBCE}.Release|x64.Build.0 = Release|Any CPU
		{AB6D6E8D-BEC9-4E1B-918B-CC4B7585CBCE}.Release|x86.ActiveCfg = Release|Any CPU
		{AB6D6E8D-BEC9-4E1B-918B-CC4B7585CBCE}.Release|x86.Build.0 = Release|Any CPU
		{D7330536-30FA-4F0D-84B1-AE936C409CFC}.Debug|Any CPU.ActiveCfg = Debug|Any CPU
		{D7330536-30FA-4F0D-84B1-AE936C409CFC}.Debug|Any CPU.Build.0 = Debug|Any CPU
		{D7330536-30FA-4F0D-84B1-AE936C409CFC}.Debug|x64.ActiveCfg = Debug|Any CPU
		{D7330536-30FA-4F0D-84B1-AE936C409CFC}.Debug|x64.Build.0 = Debug|Any CPU
		{D7330536-30FA-4F0D-84B1-AE936C409CFC}.Debug|x86.ActiveCfg = Debug|Any CPU
		{D7330536-30FA-4F0D-84B1-AE936C409CFC}.Debug|x86.Build.0 = Debug|Any CPU
		{D7330536-30FA-4F0D-84B1-AE936C409CFC}.Release|Any CPU.ActiveCfg = Release|Any CPU
		{D7330536-30FA-4F0D-84B1-AE936C409CFC}.Release|Any CPU.Build.0 = Release|Any CPU
		{D7330536-30FA-4F0D-84B1-AE936C409CFC}.Release|x64.ActiveCfg = Release|Any CPU
		{D7330536-30FA-4F0D-84B1-AE936C409CFC}.Release|x64.Build.0 = Release|Any CPU
		{D7330536-30FA-4F0D-84B1-AE936C409CFC}.Release|x86.ActiveCfg = Release|Any CPU
		{D7330536-30FA-4F0D-84B1-AE936C409CFC}.Release|x86.Build.0 = Release|Any CPU
		{3B68C8CD-7766-4968-A886-CDF9E4EC8B71}.Debug|Any CPU.ActiveCfg = Debug|Any CPU
		{3B68C8CD-7766-4968-A886-CDF9E4EC8B71}.Debug|Any CPU.Build.0 = Debug|Any CPU
		{3B68C8CD-7766-4968-A886-CDF9E4EC8B71}.Debug|x64.ActiveCfg = Debug|Any CPU
		{3B68C8CD-7766-4968-A886-CDF9E4EC8B71}.Debug|x64.Build.0 = Debug|Any CPU
		{3B68C8CD-7766-4968-A886-CDF9E4EC8B71}.Debug|x86.ActiveCfg = Debug|Any CPU
		{3B68C8CD-7766-4968-A886-CDF9E4EC8B71}.Debug|x86.Build.0 = Debug|Any CPU
		{3B68C8CD-7766-4968-A886-CDF9E4EC8B71}.Release|Any CPU.ActiveCfg = Release|Any CPU
		{3B68C8CD-7766-4968-A886-CDF9E4EC8B71}.Release|Any CPU.Build.0 = Release|Any CPU
		{3B68C8CD-7766-4968-A886-CDF9E4EC8B71}.Release|x64.ActiveCfg = Release|Any CPU
		{3B68C8CD-7766-4968-A886-CDF9E4EC8B71}.Release|x64.Build.0 = Release|Any CPU
		{3B68C8CD-7766-4968-A886-CDF9E4EC8B71}.Release|x86.ActiveCfg = Release|Any CPU
		{3B68C8CD-7766-4968-A886-CDF9E4EC8B71}.Release|x86.Build.0 = Release|Any CPU
		{224FE8FD-9229-462A-9AD0-5157469CDAA2}.Debug|Any CPU.ActiveCfg = Debug|Any CPU
		{224FE8FD-9229-462A-9AD0-5157469CDAA2}.Debug|Any CPU.Build.0 = Debug|Any CPU
		{224FE8FD-9229-462A-9AD0-5157469CDAA2}.Debug|x64.ActiveCfg = Debug|Any CPU
		{224FE8FD-9229-462A-9AD0-5157469CDAA2}.Debug|x64.Build.0 = Debug|Any CPU
		{224FE8FD-9229-462A-9AD0-5157469CDAA2}.Debug|x86.ActiveCfg = Debug|Any CPU
		{224FE8FD-9229-462A-9AD0-5157469CDAA2}.Debug|x86.Build.0 = Debug|Any CPU
		{224FE8FD-9229-462A-9AD0-5157469CDAA2}.Release|Any CPU.ActiveCfg = Release|Any CPU
		{224FE8FD-9229-462A-9AD0-5157469CDAA2}.Release|Any CPU.Build.0 = Release|Any CPU
		{224FE8FD-9229-462A-9AD0-5157469CDAA2}.Release|x64.ActiveCfg = Release|Any CPU
		{224FE8FD-9229-462A-9AD0-5157469CDAA2}.Release|x64.Build.0 = Release|Any CPU
		{224FE8FD-9229-462A-9AD0-5157469CDAA2}.Release|x86.ActiveCfg = Release|Any CPU
		{224FE8FD-9229-462A-9AD0-5157469CDAA2}.Release|x86.Build.0 = Release|Any CPU
		{8A1FB645-8777-4A93-9E29-7A3D2915B6BE}.Debug|Any CPU.ActiveCfg = Debug|Any CPU
		{8A1FB645-8777-4A93-9E29-7A3D2915B6BE}.Debug|Any CPU.Build.0 = Debug|Any CPU
		{8A1FB645-8777-4A93-9E29-7A3D2915B6BE}.Debug|x64.ActiveCfg = Debug|Any CPU
		{8A1FB645-8777-4A93-9E29-7A3D2915B6BE}.Debug|x64.Build.0 = Debug|Any CPU
		{8A1FB645-8777-4A93-9E29-7A3D2915B6BE}.Debug|x86.ActiveCfg = Debug|Any CPU
		{8A1FB645-8777-4A93-9E29-7A3D2915B6BE}.Debug|x86.Build.0 = Debug|Any CPU
		{8A1FB645-8777-4A93-9E29-7A3D2915B6BE}.Release|Any CPU.ActiveCfg = Release|Any CPU
		{8A1FB645-8777-4A93-9E29-7A3D2915B6BE}.Release|Any CPU.Build.0 = Release|Any CPU
		{8A1FB645-8777-4A93-9E29-7A3D2915B6BE}.Release|x64.ActiveCfg = Release|Any CPU
		{8A1FB645-8777-4A93-9E29-7A3D2915B6BE}.Release|x64.Build.0 = Release|Any CPU
		{8A1FB645-8777-4A93-9E29-7A3D2915B6BE}.Release|x86.ActiveCfg = Release|Any CPU
		{8A1FB645-8777-4A93-9E29-7A3D2915B6BE}.Release|x86.Build.0 = Release|Any CPU
		{58B01607-E97C-498B-AB75-D4CF0D4DD11C}.Debug|Any CPU.ActiveCfg = Debug|Any CPU
		{58B01607-E97C-498B-AB75-D4CF0D4DD11C}.Debug|Any CPU.Build.0 = Debug|Any CPU
		{58B01607-E97C-498B-AB75-D4CF0D4DD11C}.Debug|x64.ActiveCfg = Debug|Any CPU
		{58B01607-E97C-498B-AB75-D4CF0D4DD11C}.Debug|x64.Build.0 = Debug|Any CPU
		{58B01607-E97C-498B-AB75-D4CF0D4DD11C}.Debug|x86.ActiveCfg = Debug|Any CPU
		{58B01607-E97C-498B-AB75-D4CF0D4DD11C}.Debug|x86.Build.0 = Debug|Any CPU
		{58B01607-E97C-498B-AB75-D4CF0D4DD11C}.Release|Any CPU.ActiveCfg = Release|Any CPU
		{58B01607-E97C-498B-AB75-D4CF0D4DD11C}.Release|Any CPU.Build.0 = Release|Any CPU
		{58B01607-E97C-498B-AB75-D4CF0D4DD11C}.Release|x64.ActiveCfg = Release|Any CPU
		{58B01607-E97C-498B-AB75-D4CF0D4DD11C}.Release|x64.Build.0 = Release|Any CPU
		{58B01607-E97C-498B-AB75-D4CF0D4DD11C}.Release|x86.ActiveCfg = Release|Any CPU
		{58B01607-E97C-498B-AB75-D4CF0D4DD11C}.Release|x86.Build.0 = Release|Any CPU
		{3416564D-A2DC-4038-9E45-F87D5DA2B7E7}.Debug|Any CPU.ActiveCfg = Debug|Any CPU
		{3416564D-A2DC-4038-9E45-F87D5DA2B7E7}.Debug|Any CPU.Build.0 = Debug|Any CPU
		{3416564D-A2DC-4038-9E45-F87D5DA2B7E7}.Debug|x64.ActiveCfg = Debug|Any CPU
		{3416564D-A2DC-4038-9E45-F87D5DA2B7E7}.Debug|x64.Build.0 = Debug|Any CPU
		{3416564D-A2DC-4038-9E45-F87D5DA2B7E7}.Debug|x86.ActiveCfg = Debug|Any CPU
		{3416564D-A2DC-4038-9E45-F87D5DA2B7E7}.Debug|x86.Build.0 = Debug|Any CPU
		{3416564D-A2DC-4038-9E45-F87D5DA2B7E7}.Release|Any CPU.ActiveCfg = Release|Any CPU
		{3416564D-A2DC-4038-9E45-F87D5DA2B7E7}.Release|Any CPU.Build.0 = Release|Any CPU
		{3416564D-A2DC-4038-9E45-F87D5DA2B7E7}.Release|x64.ActiveCfg = Release|Any CPU
		{3416564D-A2DC-4038-9E45-F87D5DA2B7E7}.Release|x64.Build.0 = Release|Any CPU
		{3416564D-A2DC-4038-9E45-F87D5DA2B7E7}.Release|x86.ActiveCfg = Release|Any CPU
		{3416564D-A2DC-4038-9E45-F87D5DA2B7E7}.Release|x86.Build.0 = Release|Any CPU
		{32948D22-FB4B-4B18-806A-041A2CF46959}.Debug|Any CPU.ActiveCfg = Debug|Any CPU
		{32948D22-FB4B-4B18-806A-041A2CF46959}.Debug|Any CPU.Build.0 = Debug|Any CPU
		{32948D22-FB4B-4B18-806A-041A2CF46959}.Debug|x64.ActiveCfg = Debug|Any CPU
		{32948D22-FB4B-4B18-806A-041A2CF46959}.Debug|x64.Build.0 = Debug|Any CPU
		{32948D22-FB4B-4B18-806A-041A2CF46959}.Debug|x86.ActiveCfg = Debug|Any CPU
		{32948D22-FB4B-4B18-806A-041A2CF46959}.Debug|x86.Build.0 = Debug|Any CPU
		{32948D22-FB4B-4B18-806A-041A2CF46959}.Release|Any CPU.ActiveCfg = Release|Any CPU
		{32948D22-FB4B-4B18-806A-041A2CF46959}.Release|Any CPU.Build.0 = Release|Any CPU
		{32948D22-FB4B-4B18-806A-041A2CF46959}.Release|x64.ActiveCfg = Release|Any CPU
		{32948D22-FB4B-4B18-806A-041A2CF46959}.Release|x64.Build.0 = Release|Any CPU
		{32948D22-FB4B-4B18-806A-041A2CF46959}.Release|x86.ActiveCfg = Release|Any CPU
		{32948D22-FB4B-4B18-806A-041A2CF46959}.Release|x86.Build.0 = Release|Any CPU
		{543481A3-F203-4296-860F-97DBDCB25963}.Debug|Any CPU.ActiveCfg = Debug|Any CPU
		{543481A3-F203-4296-860F-97DBDCB25963}.Debug|Any CPU.Build.0 = Debug|Any CPU
		{543481A3-F203-4296-860F-97DBDCB25963}.Debug|x64.ActiveCfg = Debug|Any CPU
		{543481A3-F203-4296-860F-97DBDCB25963}.Debug|x64.Build.0 = Debug|Any CPU
		{543481A3-F203-4296-860F-97DBDCB25963}.Debug|x86.ActiveCfg = Debug|Any CPU
		{543481A3-F203-4296-860F-97DBDCB25963}.Debug|x86.Build.0 = Debug|Any CPU
		{543481A3-F203-4296-860F-97DBDCB25963}.Release|Any CPU.ActiveCfg = Release|Any CPU
		{543481A3-F203-4296-860F-97DBDCB25963}.Release|Any CPU.Build.0 = Release|Any CPU
		{543481A3-F203-4296-860F-97DBDCB25963}.Release|x64.ActiveCfg = Release|Any CPU
		{543481A3-F203-4296-860F-97DBDCB25963}.Release|x64.Build.0 = Release|Any CPU
		{543481A3-F203-4296-860F-97DBDCB25963}.Release|x86.ActiveCfg = Release|Any CPU
		{543481A3-F203-4296-860F-97DBDCB25963}.Release|x86.Build.0 = Release|Any CPU
		{49261F53-DC22-429C-8731-8D16B7A1167F}.Debug|Any CPU.ActiveCfg = Debug|Any CPU
		{49261F53-DC22-429C-8731-8D16B7A1167F}.Debug|Any CPU.Build.0 = Debug|Any CPU
		{49261F53-DC22-429C-8731-8D16B7A1167F}.Debug|x64.ActiveCfg = Debug|Any CPU
		{49261F53-DC22-429C-8731-8D16B7A1167F}.Debug|x64.Build.0 = Debug|Any CPU
		{49261F53-DC22-429C-8731-8D16B7A1167F}.Debug|x86.ActiveCfg = Debug|Any CPU
		{49261F53-DC22-429C-8731-8D16B7A1167F}.Debug|x86.Build.0 = Debug|Any CPU
		{49261F53-DC22-429C-8731-8D16B7A1167F}.Release|Any CPU.ActiveCfg = Release|Any CPU
		{49261F53-DC22-429C-8731-8D16B7A1167F}.Release|Any CPU.Build.0 = Release|Any CPU
		{49261F53-DC22-429C-8731-8D16B7A1167F}.Release|x64.ActiveCfg = Release|Any CPU
		{49261F53-DC22-429C-8731-8D16B7A1167F}.Release|x64.Build.0 = Release|Any CPU
		{49261F53-DC22-429C-8731-8D16B7A1167F}.Release|x86.ActiveCfg = Release|Any CPU
		{49261F53-DC22-429C-8731-8D16B7A1167F}.Release|x86.Build.0 = Release|Any CPU
		{A6DC5F15-624E-4260-A248-C6901E2A8C1D}.Debug|Any CPU.ActiveCfg = Debug|Any CPU
		{A6DC5F15-624E-4260-A248-C6901E2A8C1D}.Debug|Any CPU.Build.0 = Debug|Any CPU
		{A6DC5F15-624E-4260-A248-C6901E2A8C1D}.Debug|x64.ActiveCfg = Debug|Any CPU
		{A6DC5F15-624E-4260-A248-C6901E2A8C1D}.Debug|x64.Build.0 = Debug|Any CPU
		{A6DC5F15-624E-4260-A248-C6901E2A8C1D}.Debug|x86.ActiveCfg = Debug|Any CPU
		{A6DC5F15-624E-4260-A248-C6901E2A8C1D}.Debug|x86.Build.0 = Debug|Any CPU
		{A6DC5F15-624E-4260-A248-C6901E2A8C1D}.Release|Any CPU.ActiveCfg = Release|Any CPU
		{A6DC5F15-624E-4260-A248-C6901E2A8C1D}.Release|Any CPU.Build.0 = Release|Any CPU
		{A6DC5F15-624E-4260-A248-C6901E2A8C1D}.Release|x64.ActiveCfg = Release|Any CPU
		{A6DC5F15-624E-4260-A248-C6901E2A8C1D}.Release|x64.Build.0 = Release|Any CPU
		{A6DC5F15-624E-4260-A248-C6901E2A8C1D}.Release|x86.ActiveCfg = Release|Any CPU
		{A6DC5F15-624E-4260-A248-C6901E2A8C1D}.Release|x86.Build.0 = Release|Any CPU
		{8FD1DE4A-ABB1-4350-9093-E59DD31A023C}.Debug|Any CPU.ActiveCfg = Debug|Any CPU
		{8FD1DE4A-ABB1-4350-9093-E59DD31A023C}.Debug|Any CPU.Build.0 = Debug|Any CPU
		{8FD1DE4A-ABB1-4350-9093-E59DD31A023C}.Debug|x64.ActiveCfg = Debug|Any CPU
		{8FD1DE4A-ABB1-4350-9093-E59DD31A023C}.Debug|x64.Build.0 = Debug|Any CPU
		{8FD1DE4A-ABB1-4350-9093-E59DD31A023C}.Debug|x86.ActiveCfg = Debug|Any CPU
		{8FD1DE4A-ABB1-4350-9093-E59DD31A023C}.Debug|x86.Build.0 = Debug|Any CPU
		{8FD1DE4A-ABB1-4350-9093-E59DD31A023C}.Release|Any CPU.ActiveCfg = Release|Any CPU
		{8FD1DE4A-ABB1-4350-9093-E59DD31A023C}.Release|Any CPU.Build.0 = Release|Any CPU
		{8FD1DE4A-ABB1-4350-9093-E59DD31A023C}.Release|x64.ActiveCfg = Release|Any CPU
		{8FD1DE4A-ABB1-4350-9093-E59DD31A023C}.Release|x64.Build.0 = Release|Any CPU
		{8FD1DE4A-ABB1-4350-9093-E59DD31A023C}.Release|x86.ActiveCfg = Release|Any CPU
		{8FD1DE4A-ABB1-4350-9093-E59DD31A023C}.Release|x86.Build.0 = Release|Any CPU
		{EFBB07AA-73D9-4E1D-A112-770CE158F188}.Debug|Any CPU.ActiveCfg = Debug|Any CPU
		{EFBB07AA-73D9-4E1D-A112-770CE158F188}.Debug|Any CPU.Build.0 = Debug|Any CPU
		{EFBB07AA-73D9-4E1D-A112-770CE158F188}.Debug|x64.ActiveCfg = Debug|Any CPU
		{EFBB07AA-73D9-4E1D-A112-770CE158F188}.Debug|x64.Build.0 = Debug|Any CPU
		{EFBB07AA-73D9-4E1D-A112-770CE158F188}.Debug|x86.ActiveCfg = Debug|Any CPU
		{EFBB07AA-73D9-4E1D-A112-770CE158F188}.Debug|x86.Build.0 = Debug|Any CPU
		{EFBB07AA-73D9-4E1D-A112-770CE158F188}.Release|Any CPU.ActiveCfg = Release|Any CPU
		{EFBB07AA-73D9-4E1D-A112-770CE158F188}.Release|Any CPU.Build.0 = Release|Any CPU
		{EFBB07AA-73D9-4E1D-A112-770CE158F188}.Release|x64.ActiveCfg = Release|Any CPU
		{EFBB07AA-73D9-4E1D-A112-770CE158F188}.Release|x64.Build.0 = Release|Any CPU
		{EFBB07AA-73D9-4E1D-A112-770CE158F188}.Release|x86.ActiveCfg = Release|Any CPU
		{EFBB07AA-73D9-4E1D-A112-770CE158F188}.Release|x86.Build.0 = Release|Any CPU
		{FFE948D9-5725-4010-8694-F2E7E25CDABB}.Debug|Any CPU.ActiveCfg = Debug|Any CPU
		{FFE948D9-5725-4010-8694-F2E7E25CDABB}.Debug|Any CPU.Build.0 = Debug|Any CPU
		{FFE948D9-5725-4010-8694-F2E7E25CDABB}.Debug|x64.ActiveCfg = Debug|Any CPU
		{FFE948D9-5725-4010-8694-F2E7E25CDABB}.Debug|x64.Build.0 = Debug|Any CPU
		{FFE948D9-5725-4010-8694-F2E7E25CDABB}.Debug|x86.ActiveCfg = Debug|Any CPU
		{FFE948D9-5725-4010-8694-F2E7E25CDABB}.Debug|x86.Build.0 = Debug|Any CPU
		{FFE948D9-5725-4010-8694-F2E7E25CDABB}.Release|Any CPU.ActiveCfg = Release|Any CPU
		{FFE948D9-5725-4010-8694-F2E7E25CDABB}.Release|Any CPU.Build.0 = Release|Any CPU
		{FFE948D9-5725-4010-8694-F2E7E25CDABB}.Release|x64.ActiveCfg = Release|Any CPU
		{FFE948D9-5725-4010-8694-F2E7E25CDABB}.Release|x64.Build.0 = Release|Any CPU
		{FFE948D9-5725-4010-8694-F2E7E25CDABB}.Release|x86.ActiveCfg = Release|Any CPU
		{FFE948D9-5725-4010-8694-F2E7E25CDABB}.Release|x86.Build.0 = Release|Any CPU
		{0F518EB8-E026-4DA9-9C6B-9E5CC2162319}.Debug|Any CPU.ActiveCfg = Debug|Any CPU
		{0F518EB8-E026-4DA9-9C6B-9E5CC2162319}.Debug|Any CPU.Build.0 = Debug|Any CPU
		{0F518EB8-E026-4DA9-9C6B-9E5CC2162319}.Debug|x64.ActiveCfg = Debug|Any CPU
		{0F518EB8-E026-4DA9-9C6B-9E5CC2162319}.Debug|x64.Build.0 = Debug|Any CPU
		{0F518EB8-E026-4DA9-9C6B-9E5CC2162319}.Debug|x86.ActiveCfg = Debug|Any CPU
		{0F518EB8-E026-4DA9-9C6B-9E5CC2162319}.Debug|x86.Build.0 = Debug|Any CPU
		{0F518EB8-E026-4DA9-9C6B-9E5CC2162319}.Release|Any CPU.ActiveCfg = Release|Any CPU
		{0F518EB8-E026-4DA9-9C6B-9E5CC2162319}.Release|Any CPU.Build.0 = Release|Any CPU
		{0F518EB8-E026-4DA9-9C6B-9E5CC2162319}.Release|x64.ActiveCfg = Release|Any CPU
		{0F518EB8-E026-4DA9-9C6B-9E5CC2162319}.Release|x64.Build.0 = Release|Any CPU
		{0F518EB8-E026-4DA9-9C6B-9E5CC2162319}.Release|x86.ActiveCfg = Release|Any CPU
		{0F518EB8-E026-4DA9-9C6B-9E5CC2162319}.Release|x86.Build.0 = Release|Any CPU
		{AF3A647D-0192-4FA3-8416-F976E585AF00}.Debug|Any CPU.ActiveCfg = Debug|Any CPU
		{AF3A647D-0192-4FA3-8416-F976E585AF00}.Debug|Any CPU.Build.0 = Debug|Any CPU
		{AF3A647D-0192-4FA3-8416-F976E585AF00}.Debug|x64.ActiveCfg = Debug|Any CPU
		{AF3A647D-0192-4FA3-8416-F976E585AF00}.Debug|x64.Build.0 = Debug|Any CPU
		{AF3A647D-0192-4FA3-8416-F976E585AF00}.Debug|x86.ActiveCfg = Debug|Any CPU
		{AF3A647D-0192-4FA3-8416-F976E585AF00}.Debug|x86.Build.0 = Debug|Any CPU
		{AF3A647D-0192-4FA3-8416-F976E585AF00}.Release|Any CPU.ActiveCfg = Release|Any CPU
		{AF3A647D-0192-4FA3-8416-F976E585AF00}.Release|Any CPU.Build.0 = Release|Any CPU
		{AF3A647D-0192-4FA3-8416-F976E585AF00}.Release|x64.ActiveCfg = Release|Any CPU
		{AF3A647D-0192-4FA3-8416-F976E585AF00}.Release|x64.Build.0 = Release|Any CPU
		{AF3A647D-0192-4FA3-8416-F976E585AF00}.Release|x86.ActiveCfg = Release|Any CPU
		{AF3A647D-0192-4FA3-8416-F976E585AF00}.Release|x86.Build.0 = Release|Any CPU
		{52362D77-788F-4E64-AFA8-0A0BEB5D79AF}.Debug|Any CPU.ActiveCfg = Debug|Any CPU
		{52362D77-788F-4E64-AFA8-0A0BEB5D79AF}.Debug|Any CPU.Build.0 = Debug|Any CPU
		{52362D77-788F-4E64-AFA8-0A0BEB5D79AF}.Debug|x64.ActiveCfg = Debug|Any CPU
		{52362D77-788F-4E64-AFA8-0A0BEB5D79AF}.Debug|x64.Build.0 = Debug|Any CPU
		{52362D77-788F-4E64-AFA8-0A0BEB5D79AF}.Debug|x86.ActiveCfg = Debug|Any CPU
		{52362D77-788F-4E64-AFA8-0A0BEB5D79AF}.Debug|x86.Build.0 = Debug|Any CPU
		{52362D77-788F-4E64-AFA8-0A0BEB5D79AF}.Release|Any CPU.ActiveCfg = Release|Any CPU
		{52362D77-788F-4E64-AFA8-0A0BEB5D79AF}.Release|Any CPU.Build.0 = Release|Any CPU
		{52362D77-788F-4E64-AFA8-0A0BEB5D79AF}.Release|x64.ActiveCfg = Release|Any CPU
		{52362D77-788F-4E64-AFA8-0A0BEB5D79AF}.Release|x64.Build.0 = Release|Any CPU
		{52362D77-788F-4E64-AFA8-0A0BEB5D79AF}.Release|x86.ActiveCfg = Release|Any CPU
		{52362D77-788F-4E64-AFA8-0A0BEB5D79AF}.Release|x86.Build.0 = Release|Any CPU
		{FA512A6F-86F9-4972-89CB-97B87E8641B9}.Debug|Any CPU.ActiveCfg = Debug|Any CPU
		{FA512A6F-86F9-4972-89CB-97B87E8641B9}.Debug|Any CPU.Build.0 = Debug|Any CPU
		{FA512A6F-86F9-4972-89CB-97B87E8641B9}.Debug|x64.ActiveCfg = Debug|Any CPU
		{FA512A6F-86F9-4972-89CB-97B87E8641B9}.Debug|x64.Build.0 = Debug|Any CPU
		{FA512A6F-86F9-4972-89CB-97B87E8641B9}.Debug|x86.ActiveCfg = Debug|Any CPU
		{FA512A6F-86F9-4972-89CB-97B87E8641B9}.Debug|x86.Build.0 = Debug|Any CPU
		{FA512A6F-86F9-4972-89CB-97B87E8641B9}.Release|Any CPU.ActiveCfg = Release|Any CPU
		{FA512A6F-86F9-4972-89CB-97B87E8641B9}.Release|Any CPU.Build.0 = Release|Any CPU
		{FA512A6F-86F9-4972-89CB-97B87E8641B9}.Release|x64.ActiveCfg = Release|Any CPU
		{FA512A6F-86F9-4972-89CB-97B87E8641B9}.Release|x64.Build.0 = Release|Any CPU
		{FA512A6F-86F9-4972-89CB-97B87E8641B9}.Release|x86.ActiveCfg = Release|Any CPU
		{FA512A6F-86F9-4972-89CB-97B87E8641B9}.Release|x86.Build.0 = Release|Any CPU
		{23B5F97F-AD06-4296-846F-A142306B235E}.Debug|Any CPU.ActiveCfg = Debug|Any CPU
		{23B5F97F-AD06-4296-846F-A142306B235E}.Debug|Any CPU.Build.0 = Debug|Any CPU
		{23B5F97F-AD06-4296-846F-A142306B235E}.Debug|x64.ActiveCfg = Debug|Any CPU
		{23B5F97F-AD06-4296-846F-A142306B235E}.Debug|x64.Build.0 = Debug|Any CPU
		{23B5F97F-AD06-4296-846F-A142306B235E}.Debug|x86.ActiveCfg = Debug|Any CPU
		{23B5F97F-AD06-4296-846F-A142306B235E}.Debug|x86.Build.0 = Debug|Any CPU
		{23B5F97F-AD06-4296-846F-A142306B235E}.Release|Any CPU.ActiveCfg = Release|Any CPU
		{23B5F97F-AD06-4296-846F-A142306B235E}.Release|Any CPU.Build.0 = Release|Any CPU
		{23B5F97F-AD06-4296-846F-A142306B235E}.Release|x64.ActiveCfg = Release|Any CPU
		{23B5F97F-AD06-4296-846F-A142306B235E}.Release|x64.Build.0 = Release|Any CPU
		{23B5F97F-AD06-4296-846F-A142306B235E}.Release|x86.ActiveCfg = Release|Any CPU
		{23B5F97F-AD06-4296-846F-A142306B235E}.Release|x86.Build.0 = Release|Any CPU
		{447760A8-D8A5-4312-A53A-5311D6529983}.Debug|Any CPU.ActiveCfg = Debug|Any CPU
		{447760A8-D8A5-4312-A53A-5311D6529983}.Debug|Any CPU.Build.0 = Debug|Any CPU
		{447760A8-D8A5-4312-A53A-5311D6529983}.Debug|x64.ActiveCfg = Debug|Any CPU
		{447760A8-D8A5-4312-A53A-5311D6529983}.Debug|x64.Build.0 = Debug|Any CPU
		{447760A8-D8A5-4312-A53A-5311D6529983}.Debug|x86.ActiveCfg = Debug|Any CPU
		{447760A8-D8A5-4312-A53A-5311D6529983}.Debug|x86.Build.0 = Debug|Any CPU
		{447760A8-D8A5-4312-A53A-5311D6529983}.Release|Any CPU.ActiveCfg = Release|Any CPU
		{447760A8-D8A5-4312-A53A-5311D6529983}.Release|Any CPU.Build.0 = Release|Any CPU
		{447760A8-D8A5-4312-A53A-5311D6529983}.Release|x64.ActiveCfg = Release|Any CPU
		{447760A8-D8A5-4312-A53A-5311D6529983}.Release|x64.Build.0 = Release|Any CPU
		{447760A8-D8A5-4312-A53A-5311D6529983}.Release|x86.ActiveCfg = Release|Any CPU
		{447760A8-D8A5-4312-A53A-5311D6529983}.Release|x86.Build.0 = Release|Any CPU
		{50CBDF57-47EF-48C2-BC10-3DF0EC03CD04}.Debug|Any CPU.ActiveCfg = Debug|Any CPU
		{50CBDF57-47EF-48C2-BC10-3DF0EC03CD04}.Debug|Any CPU.Build.0 = Debug|Any CPU
		{50CBDF57-47EF-48C2-BC10-3DF0EC03CD04}.Debug|x64.ActiveCfg = Debug|Any CPU
		{50CBDF57-47EF-48C2-BC10-3DF0EC03CD04}.Debug|x64.Build.0 = Debug|Any CPU
		{50CBDF57-47EF-48C2-BC10-3DF0EC03CD04}.Debug|x86.ActiveCfg = Debug|Any CPU
		{50CBDF57-47EF-48C2-BC10-3DF0EC03CD04}.Debug|x86.Build.0 = Debug|Any CPU
		{50CBDF57-47EF-48C2-BC10-3DF0EC03CD04}.Release|Any CPU.ActiveCfg = Release|Any CPU
		{50CBDF57-47EF-48C2-BC10-3DF0EC03CD04}.Release|Any CPU.Build.0 = Release|Any CPU
		{50CBDF57-47EF-48C2-BC10-3DF0EC03CD04}.Release|x64.ActiveCfg = Release|Any CPU
		{50CBDF57-47EF-48C2-BC10-3DF0EC03CD04}.Release|x64.Build.0 = Release|Any CPU
		{50CBDF57-47EF-48C2-BC10-3DF0EC03CD04}.Release|x86.ActiveCfg = Release|Any CPU
		{50CBDF57-47EF-48C2-BC10-3DF0EC03CD04}.Release|x86.Build.0 = Release|Any CPU
		{ABA7E666-3D72-4FB1-B3F8-91E5B39E350F}.Debug|Any CPU.ActiveCfg = Debug|Any CPU
		{ABA7E666-3D72-4FB1-B3F8-91E5B39E350F}.Debug|Any CPU.Build.0 = Debug|Any CPU
		{ABA7E666-3D72-4FB1-B3F8-91E5B39E350F}.Debug|x64.ActiveCfg = Debug|Any CPU
		{ABA7E666-3D72-4FB1-B3F8-91E5B39E350F}.Debug|x64.Build.0 = Debug|Any CPU
		{ABA7E666-3D72-4FB1-B3F8-91E5B39E350F}.Debug|x86.ActiveCfg = Debug|Any CPU
		{ABA7E666-3D72-4FB1-B3F8-91E5B39E350F}.Debug|x86.Build.0 = Debug|Any CPU
		{ABA7E666-3D72-4FB1-B3F8-91E5B39E350F}.Release|Any CPU.ActiveCfg = Release|Any CPU
		{ABA7E666-3D72-4FB1-B3F8-91E5B39E350F}.Release|Any CPU.Build.0 = Release|Any CPU
		{ABA7E666-3D72-4FB1-B3F8-91E5B39E350F}.Release|x64.ActiveCfg = Release|Any CPU
		{ABA7E666-3D72-4FB1-B3F8-91E5B39E350F}.Release|x64.Build.0 = Release|Any CPU
		{ABA7E666-3D72-4FB1-B3F8-91E5B39E350F}.Release|x86.ActiveCfg = Release|Any CPU
		{ABA7E666-3D72-4FB1-B3F8-91E5B39E350F}.Release|x86.Build.0 = Release|Any CPU
		{BC044417-158B-4F84-B57C-EF988751A199}.Debug|Any CPU.ActiveCfg = Debug|Any CPU
		{BC044417-158B-4F84-B57C-EF988751A199}.Debug|Any CPU.Build.0 = Debug|Any CPU
		{BC044417-158B-4F84-B57C-EF988751A199}.Debug|x64.ActiveCfg = Debug|Any CPU
		{BC044417-158B-4F84-B57C-EF988751A199}.Debug|x64.Build.0 = Debug|Any CPU
		{BC044417-158B-4F84-B57C-EF988751A199}.Debug|x86.ActiveCfg = Debug|Any CPU
		{BC044417-158B-4F84-B57C-EF988751A199}.Debug|x86.Build.0 = Debug|Any CPU
		{BC044417-158B-4F84-B57C-EF988751A199}.Release|Any CPU.ActiveCfg = Release|Any CPU
		{BC044417-158B-4F84-B57C-EF988751A199}.Release|Any CPU.Build.0 = Release|Any CPU
		{BC044417-158B-4F84-B57C-EF988751A199}.Release|x64.ActiveCfg = Release|Any CPU
		{BC044417-158B-4F84-B57C-EF988751A199}.Release|x64.Build.0 = Release|Any CPU
		{BC044417-158B-4F84-B57C-EF988751A199}.Release|x86.ActiveCfg = Release|Any CPU
		{BC044417-158B-4F84-B57C-EF988751A199}.Release|x86.Build.0 = Release|Any CPU
		{8DC7427F-BED8-4124-A97C-86BF8A371E06}.Debug|Any CPU.ActiveCfg = Debug|Any CPU
		{8DC7427F-BED8-4124-A97C-86BF8A371E06}.Debug|Any CPU.Build.0 = Debug|Any CPU
		{8DC7427F-BED8-4124-A97C-86BF8A371E06}.Debug|x64.ActiveCfg = Debug|Any CPU
		{8DC7427F-BED8-4124-A97C-86BF8A371E06}.Debug|x64.Build.0 = Debug|Any CPU
		{8DC7427F-BED8-4124-A97C-86BF8A371E06}.Debug|x86.ActiveCfg = Debug|Any CPU
		{8DC7427F-BED8-4124-A97C-86BF8A371E06}.Debug|x86.Build.0 = Debug|Any CPU
		{8DC7427F-BED8-4124-A97C-86BF8A371E06}.Release|Any CPU.ActiveCfg = Release|Any CPU
		{8DC7427F-BED8-4124-A97C-86BF8A371E06}.Release|Any CPU.Build.0 = Release|Any CPU
		{8DC7427F-BED8-4124-A97C-86BF8A371E06}.Release|x64.ActiveCfg = Release|Any CPU
		{8DC7427F-BED8-4124-A97C-86BF8A371E06}.Release|x64.Build.0 = Release|Any CPU
		{8DC7427F-BED8-4124-A97C-86BF8A371E06}.Release|x86.ActiveCfg = Release|Any CPU
		{8DC7427F-BED8-4124-A97C-86BF8A371E06}.Release|x86.Build.0 = Release|Any CPU
		{3CFADE6F-18C7-4B87-B4D3-F98550D6FFD8}.Debug|Any CPU.ActiveCfg = Debug|Any CPU
		{3CFADE6F-18C7-4B87-B4D3-F98550D6FFD8}.Debug|Any CPU.Build.0 = Debug|Any CPU
		{3CFADE6F-18C7-4B87-B4D3-F98550D6FFD8}.Debug|x64.ActiveCfg = Debug|Any CPU
		{3CFADE6F-18C7-4B87-B4D3-F98550D6FFD8}.Debug|x64.Build.0 = Debug|Any CPU
		{3CFADE6F-18C7-4B87-B4D3-F98550D6FFD8}.Debug|x86.ActiveCfg = Debug|Any CPU
		{3CFADE6F-18C7-4B87-B4D3-F98550D6FFD8}.Debug|x86.Build.0 = Debug|Any CPU
		{3CFADE6F-18C7-4B87-B4D3-F98550D6FFD8}.Release|Any CPU.ActiveCfg = Release|Any CPU
		{3CFADE6F-18C7-4B87-B4D3-F98550D6FFD8}.Release|Any CPU.Build.0 = Release|Any CPU
		{3CFADE6F-18C7-4B87-B4D3-F98550D6FFD8}.Release|x64.ActiveCfg = Release|Any CPU
		{3CFADE6F-18C7-4B87-B4D3-F98550D6FFD8}.Release|x64.Build.0 = Release|Any CPU
		{3CFADE6F-18C7-4B87-B4D3-F98550D6FFD8}.Release|x86.ActiveCfg = Release|Any CPU
		{3CFADE6F-18C7-4B87-B4D3-F98550D6FFD8}.Release|x86.Build.0 = Release|Any CPU
		{2315F3F2-07CF-4FBC-B364-6175457BFCB4}.Debug|Any CPU.ActiveCfg = Debug|Any CPU
		{2315F3F2-07CF-4FBC-B364-6175457BFCB4}.Debug|Any CPU.Build.0 = Debug|Any CPU
		{2315F3F2-07CF-4FBC-B364-6175457BFCB4}.Debug|x64.ActiveCfg = Debug|Any CPU
		{2315F3F2-07CF-4FBC-B364-6175457BFCB4}.Debug|x64.Build.0 = Debug|Any CPU
		{2315F3F2-07CF-4FBC-B364-6175457BFCB4}.Debug|x86.ActiveCfg = Debug|Any CPU
		{2315F3F2-07CF-4FBC-B364-6175457BFCB4}.Debug|x86.Build.0 = Debug|Any CPU
		{2315F3F2-07CF-4FBC-B364-6175457BFCB4}.Release|Any CPU.ActiveCfg = Release|Any CPU
		{2315F3F2-07CF-4FBC-B364-6175457BFCB4}.Release|Any CPU.Build.0 = Release|Any CPU
		{2315F3F2-07CF-4FBC-B364-6175457BFCB4}.Release|x64.ActiveCfg = Release|Any CPU
		{2315F3F2-07CF-4FBC-B364-6175457BFCB4}.Release|x64.Build.0 = Release|Any CPU
		{2315F3F2-07CF-4FBC-B364-6175457BFCB4}.Release|x86.ActiveCfg = Release|Any CPU
		{2315F3F2-07CF-4FBC-B364-6175457BFCB4}.Release|x86.Build.0 = Release|Any CPU
		{1EC4BFF0-8E72-4DF6-82FA-2C8F3E7E6AFE}.Debug|Any CPU.ActiveCfg = Debug|Any CPU
		{1EC4BFF0-8E72-4DF6-82FA-2C8F3E7E6AFE}.Debug|Any CPU.Build.0 = Debug|Any CPU
		{1EC4BFF0-8E72-4DF6-82FA-2C8F3E7E6AFE}.Debug|x64.ActiveCfg = Debug|Any CPU
		{1EC4BFF0-8E72-4DF6-82FA-2C8F3E7E6AFE}.Debug|x64.Build.0 = Debug|Any CPU
		{1EC4BFF0-8E72-4DF6-82FA-2C8F3E7E6AFE}.Debug|x86.ActiveCfg = Debug|Any CPU
		{1EC4BFF0-8E72-4DF6-82FA-2C8F3E7E6AFE}.Debug|x86.Build.0 = Debug|Any CPU
		{1EC4BFF0-8E72-4DF6-82FA-2C8F3E7E6AFE}.Release|Any CPU.ActiveCfg = Release|Any CPU
		{1EC4BFF0-8E72-4DF6-82FA-2C8F3E7E6AFE}.Release|Any CPU.Build.0 = Release|Any CPU
		{1EC4BFF0-8E72-4DF6-82FA-2C8F3E7E6AFE}.Release|x64.ActiveCfg = Release|Any CPU
		{1EC4BFF0-8E72-4DF6-82FA-2C8F3E7E6AFE}.Release|x64.Build.0 = Release|Any CPU
		{1EC4BFF0-8E72-4DF6-82FA-2C8F3E7E6AFE}.Release|x86.ActiveCfg = Release|Any CPU
		{1EC4BFF0-8E72-4DF6-82FA-2C8F3E7E6AFE}.Release|x86.Build.0 = Release|Any CPU
		{A8C42F2F-5876-4D12-9455-689FAFF15065}.Debug|Any CPU.ActiveCfg = Debug|Any CPU
		{A8C42F2F-5876-4D12-9455-689FAFF15065}.Debug|Any CPU.Build.0 = Debug|Any CPU
		{A8C42F2F-5876-4D12-9455-689FAFF15065}.Debug|x64.ActiveCfg = Debug|Any CPU
		{A8C42F2F-5876-4D12-9455-689FAFF15065}.Debug|x64.Build.0 = Debug|Any CPU
		{A8C42F2F-5876-4D12-9455-689FAFF15065}.Debug|x86.ActiveCfg = Debug|Any CPU
		{A8C42F2F-5876-4D12-9455-689FAFF15065}.Debug|x86.Build.0 = Debug|Any CPU
		{A8C42F2F-5876-4D12-9455-689FAFF15065}.Release|Any CPU.ActiveCfg = Release|Any CPU
		{A8C42F2F-5876-4D12-9455-689FAFF15065}.Release|Any CPU.Build.0 = Release|Any CPU
		{A8C42F2F-5876-4D12-9455-689FAFF15065}.Release|x64.ActiveCfg = Release|Any CPU
		{A8C42F2F-5876-4D12-9455-689FAFF15065}.Release|x64.Build.0 = Release|Any CPU
		{A8C42F2F-5876-4D12-9455-689FAFF15065}.Release|x86.ActiveCfg = Release|Any CPU
		{A8C42F2F-5876-4D12-9455-689FAFF15065}.Release|x86.Build.0 = Release|Any CPU
		{0A81E53E-774A-4D61-99DA-24F4AB69ED1A}.Debug|Any CPU.ActiveCfg = Debug|Any CPU
		{0A81E53E-774A-4D61-99DA-24F4AB69ED1A}.Debug|Any CPU.Build.0 = Debug|Any CPU
		{0A81E53E-774A-4D61-99DA-24F4AB69ED1A}.Debug|x64.ActiveCfg = Debug|Any CPU
		{0A81E53E-774A-4D61-99DA-24F4AB69ED1A}.Debug|x64.Build.0 = Debug|Any CPU
		{0A81E53E-774A-4D61-99DA-24F4AB69ED1A}.Debug|x86.ActiveCfg = Debug|Any CPU
		{0A81E53E-774A-4D61-99DA-24F4AB69ED1A}.Debug|x86.Build.0 = Debug|Any CPU
		{0A81E53E-774A-4D61-99DA-24F4AB69ED1A}.Release|Any CPU.ActiveCfg = Release|Any CPU
		{0A81E53E-774A-4D61-99DA-24F4AB69ED1A}.Release|Any CPU.Build.0 = Release|Any CPU
		{0A81E53E-774A-4D61-99DA-24F4AB69ED1A}.Release|x64.ActiveCfg = Release|Any CPU
		{0A81E53E-774A-4D61-99DA-24F4AB69ED1A}.Release|x64.Build.0 = Release|Any CPU
		{0A81E53E-774A-4D61-99DA-24F4AB69ED1A}.Release|x86.ActiveCfg = Release|Any CPU
		{0A81E53E-774A-4D61-99DA-24F4AB69ED1A}.Release|x86.Build.0 = Release|Any CPU
		{635206DD-A29D-4132-A6B6-24DCA9603F51}.Debug|Any CPU.ActiveCfg = Debug|Any CPU
		{635206DD-A29D-4132-A6B6-24DCA9603F51}.Debug|Any CPU.Build.0 = Debug|Any CPU
		{635206DD-A29D-4132-A6B6-24DCA9603F51}.Debug|x64.ActiveCfg = Debug|Any CPU
		{635206DD-A29D-4132-A6B6-24DCA9603F51}.Debug|x64.Build.0 = Debug|Any CPU
		{635206DD-A29D-4132-A6B6-24DCA9603F51}.Debug|x86.ActiveCfg = Debug|Any CPU
		{635206DD-A29D-4132-A6B6-24DCA9603F51}.Debug|x86.Build.0 = Debug|Any CPU
		{635206DD-A29D-4132-A6B6-24DCA9603F51}.Release|Any CPU.ActiveCfg = Release|Any CPU
		{635206DD-A29D-4132-A6B6-24DCA9603F51}.Release|Any CPU.Build.0 = Release|Any CPU
		{635206DD-A29D-4132-A6B6-24DCA9603F51}.Release|x64.ActiveCfg = Release|Any CPU
		{635206DD-A29D-4132-A6B6-24DCA9603F51}.Release|x64.Build.0 = Release|Any CPU
		{635206DD-A29D-4132-A6B6-24DCA9603F51}.Release|x86.ActiveCfg = Release|Any CPU
		{635206DD-A29D-4132-A6B6-24DCA9603F51}.Release|x86.Build.0 = Release|Any CPU
		{377E47DB-EE48-4035-A529-6A4772FC188C}.Debug|Any CPU.ActiveCfg = Debug|Any CPU
		{377E47DB-EE48-4035-A529-6A4772FC188C}.Debug|Any CPU.Build.0 = Debug|Any CPU
		{377E47DB-EE48-4035-A529-6A4772FC188C}.Debug|x64.ActiveCfg = Debug|Any CPU
		{377E47DB-EE48-4035-A529-6A4772FC188C}.Debug|x64.Build.0 = Debug|Any CPU
		{377E47DB-EE48-4035-A529-6A4772FC188C}.Debug|x86.ActiveCfg = Debug|Any CPU
		{377E47DB-EE48-4035-A529-6A4772FC188C}.Debug|x86.Build.0 = Debug|Any CPU
		{377E47DB-EE48-4035-A529-6A4772FC188C}.Release|Any CPU.ActiveCfg = Release|Any CPU
		{377E47DB-EE48-4035-A529-6A4772FC188C}.Release|Any CPU.Build.0 = Release|Any CPU
		{377E47DB-EE48-4035-A529-6A4772FC188C}.Release|x64.ActiveCfg = Release|Any CPU
		{377E47DB-EE48-4035-A529-6A4772FC188C}.Release|x64.Build.0 = Release|Any CPU
		{377E47DB-EE48-4035-A529-6A4772FC188C}.Release|x86.ActiveCfg = Release|Any CPU
		{377E47DB-EE48-4035-A529-6A4772FC188C}.Release|x86.Build.0 = Release|Any CPU
		{81091E20-F518-4AD1-8A74-5A45D78A7E31}.Debug|Any CPU.ActiveCfg = Debug|Any CPU
		{81091E20-F518-4AD1-8A74-5A45D78A7E31}.Debug|Any CPU.Build.0 = Debug|Any CPU
		{81091E20-F518-4AD1-8A74-5A45D78A7E31}.Debug|x64.ActiveCfg = Debug|Any CPU
		{81091E20-F518-4AD1-8A74-5A45D78A7E31}.Debug|x64.Build.0 = Debug|Any CPU
		{81091E20-F518-4AD1-8A74-5A45D78A7E31}.Debug|x86.ActiveCfg = Debug|Any CPU
		{81091E20-F518-4AD1-8A74-5A45D78A7E31}.Debug|x86.Build.0 = Debug|Any CPU
		{81091E20-F518-4AD1-8A74-5A45D78A7E31}.Release|Any CPU.ActiveCfg = Release|Any CPU
		{81091E20-F518-4AD1-8A74-5A45D78A7E31}.Release|Any CPU.Build.0 = Release|Any CPU
		{81091E20-F518-4AD1-8A74-5A45D78A7E31}.Release|x64.ActiveCfg = Release|Any CPU
		{81091E20-F518-4AD1-8A74-5A45D78A7E31}.Release|x64.Build.0 = Release|Any CPU
		{81091E20-F518-4AD1-8A74-5A45D78A7E31}.Release|x86.ActiveCfg = Release|Any CPU
		{81091E20-F518-4AD1-8A74-5A45D78A7E31}.Release|x86.Build.0 = Release|Any CPU
		{66FCB9D8-1C32-49BA-84DC-1B1636EA4241}.Debug|Any CPU.ActiveCfg = Debug|Any CPU
		{66FCB9D8-1C32-49BA-84DC-1B1636EA4241}.Debug|Any CPU.Build.0 = Debug|Any CPU
		{66FCB9D8-1C32-49BA-84DC-1B1636EA4241}.Debug|x64.ActiveCfg = Debug|Any CPU
		{66FCB9D8-1C32-49BA-84DC-1B1636EA4241}.Debug|x64.Build.0 = Debug|Any CPU
		{66FCB9D8-1C32-49BA-84DC-1B1636EA4241}.Debug|x86.ActiveCfg = Debug|Any CPU
		{66FCB9D8-1C32-49BA-84DC-1B1636EA4241}.Debug|x86.Build.0 = Debug|Any CPU
		{66FCB9D8-1C32-49BA-84DC-1B1636EA4241}.Release|Any CPU.ActiveCfg = Release|Any CPU
		{66FCB9D8-1C32-49BA-84DC-1B1636EA4241}.Release|Any CPU.Build.0 = Release|Any CPU
		{66FCB9D8-1C32-49BA-84DC-1B1636EA4241}.Release|x64.ActiveCfg = Release|Any CPU
		{66FCB9D8-1C32-49BA-84DC-1B1636EA4241}.Release|x64.Build.0 = Release|Any CPU
		{66FCB9D8-1C32-49BA-84DC-1B1636EA4241}.Release|x86.ActiveCfg = Release|Any CPU
		{66FCB9D8-1C32-49BA-84DC-1B1636EA4241}.Release|x86.Build.0 = Release|Any CPU
		{13B3648A-4CC1-47EE-A9B6-1A7C3E7B7645}.Debug|Any CPU.ActiveCfg = Debug|Any CPU
		{13B3648A-4CC1-47EE-A9B6-1A7C3E7B7645}.Debug|Any CPU.Build.0 = Debug|Any CPU
		{13B3648A-4CC1-47EE-A9B6-1A7C3E7B7645}.Debug|x64.ActiveCfg = Debug|Any CPU
		{13B3648A-4CC1-47EE-A9B6-1A7C3E7B7645}.Debug|x64.Build.0 = Debug|Any CPU
		{13B3648A-4CC1-47EE-A9B6-1A7C3E7B7645}.Debug|x86.ActiveCfg = Debug|Any CPU
		{13B3648A-4CC1-47EE-A9B6-1A7C3E7B7645}.Debug|x86.Build.0 = Debug|Any CPU
		{13B3648A-4CC1-47EE-A9B6-1A7C3E7B7645}.Release|Any CPU.ActiveCfg = Release|Any CPU
		{13B3648A-4CC1-47EE-A9B6-1A7C3E7B7645}.Release|Any CPU.Build.0 = Release|Any CPU
		{13B3648A-4CC1-47EE-A9B6-1A7C3E7B7645}.Release|x64.ActiveCfg = Release|Any CPU
		{13B3648A-4CC1-47EE-A9B6-1A7C3E7B7645}.Release|x64.Build.0 = Release|Any CPU
		{13B3648A-4CC1-47EE-A9B6-1A7C3E7B7645}.Release|x86.ActiveCfg = Release|Any CPU
		{13B3648A-4CC1-47EE-A9B6-1A7C3E7B7645}.Release|x86.Build.0 = Release|Any CPU
	EndGlobalSection
	GlobalSection(SolutionProperties) = preSolution
		HideSolutionNode = FALSE
	EndGlobalSection
	GlobalSection(ExtensibilityGlobals) = postSolution
		SolutionGuid = {D6FC94FF-E18C-45F6-866C-782F4A4C1066}
	EndGlobalSection
EndGlobal
