
Microsoft Visual Studio Solution File, Format Version 12.00
# Visual Studio Version 17
VisualStudioVersion = 17.6.33801.468
MinimumVisualStudioVersion = 10.0.40219.1
Project("{FAE04EC0-301F-11D3-BF4B-00C04F79EFBC}") = "Unit11-1_InitializersForAutoProperties", "Unit11-1_InitializersForAutoProperties\Unit11-1_InitializersForAutoProperties.csproj", "{64ACFE8F-10CD-4E29-9E62-54D1B060B3D1}"
EndProject
Project("{FAE04EC0-301F-11D3-BF4B-00C04F79EFBC}") = "Ex11-1_LambdaExpression", "Ex11-1_LambdaExpression\Ex11-1_LambdaExpression.csproj", "{B106B2CA-740E-4495-A6FC-4C48FDAF575B}"
EndProject
Project("{FAE04EC0-301F-11D3-BF4B-00C04F79EFBC}") = "Ex11-2_enum_const_usingstatic", "Ex11-2_enum_const_usingstatic\Ex11-2_enum_const_usingstatic.csproj", "{E5B0B9CA-E76E-4DE5-9B3A-929F4044A412}"
EndProject
Project("{FAE04EC0-301F-11D3-BF4B-00C04F79EFBC}") = "Unit11-4_null_ConditionalOperator", "Unit11-4_null_ConditionalOperator\Unit11-4_null_ConditionalOperator.csproj", "{124849C9-DE53-4878-BDA0-8E36DFA6EBE8}"
EndProject
Project("{FAE04EC0-301F-11D3-BF4B-00C04F79EFBC}") = "Unit11-5_String_Interpolation", "Unit11-5_String_Interpolation\Unit11-5_String_Interpolation.csproj", "{0423DAAF-E551-425C-B1C3-C4EE4CE6DCE7}"
EndProject
Project("{FAE04EC0-301F-11D3-BF4B-00C04F79EFBC}") = "Ex11-3_nameof_Identifier", "Ex11-3_nameof_Identifier\Ex11-3_nameof_Identifier.csproj", "{BAD9B914-1EDF-418C-A197-401D9F912DB7}"
EndProject
Global
	GlobalSection(SolutionConfigurationPlatforms) = preSolution
		Debug|Any CPU = Debug|Any CPU
		Release|Any CPU = Release|Any CPU
	EndGlobalSection
	GlobalSection(ProjectConfigurationPlatforms) = postSolution
		{64ACFE8F-10CD-4E29-9E62-54D1B060B3D1}.Debug|Any CPU.ActiveCfg = Debug|Any CPU
		{64ACFE8F-10CD-4E29-9E62-54D1B060B3D1}.Debug|Any CPU.Build.0 = Debug|Any CPU
		{64ACFE8F-10CD-4E29-9E62-54D1B060B3D1}.Release|Any CPU.ActiveCfg = Release|Any CPU
		{64ACFE8F-10CD-4E29-9E62-54D1B060B3D1}.Release|Any CPU.Build.0 = Release|Any CPU
		{B106B2CA-740E-4495-A6FC-4C48FDAF575B}.Debug|Any CPU.ActiveCfg = Debug|Any CPU
		{B106B2CA-740E-4495-A6FC-4C48FDAF575B}.Debug|Any CPU.Build.0 = Debug|Any CPU
		{B106B2CA-740E-4495-A6FC-4C48FDAF575B}.Release|Any CPU.ActiveCfg = Release|Any CPU
		{B106B2CA-740E-4495-A6FC-4C48FDAF575B}.Release|Any CPU.Build.0 = Release|Any CPU
		{E5B0B9CA-E76E-4DE5-9B3A-929F4044A412}.Debug|Any CPU.ActiveCfg = Debug|Any CPU
		{E5B0B9CA-E76E-4DE5-9B3A-929F4044A412}.Debug|Any CPU.Build.0 = Debug|Any CPU
		{E5B0B9CA-E76E-4DE5-9B3A-929F4044A412}.Release|Any CPU.ActiveCfg = Release|Any CPU
		{E5B0B9CA-E76E-4DE5-9B3A-929F4044A412}.Release|Any CPU.Build.0 = Release|Any CPU
		{124849C9-DE53-4878-BDA0-8E36DFA6EBE8}.Debug|Any CPU.ActiveCfg = Debug|Any CPU
		{124849C9-DE53-4878-BDA0-8E36DFA6EBE8}.Debug|Any CPU.Build.0 = Debug|Any CPU
		{124849C9-DE53-4878-BDA0-8E36DFA6EBE8}.Release|Any CPU.ActiveCfg = Release|Any CPU
		{124849C9-DE53-4878-BDA0-8E36DFA6EBE8}.Release|Any CPU.Build.0 = Release|Any CPU
		{0423DAAF-E551-425C-B1C3-C4EE4CE6DCE7}.Debug|Any CPU.ActiveCfg = Debug|Any CPU
		{0423DAAF-E551-425C-B1C3-C4EE4CE6DCE7}.Debug|Any CPU.Build.0 = Debug|Any CPU
		{0423DAAF-E551-425C-B1C3-C4EE4CE6DCE7}.Release|Any CPU.ActiveCfg = Release|Any CPU
		{0423DAAF-E551-425C-B1C3-C4EE4CE6DCE7}.Release|Any CPU.Build.0 = Release|Any CPU
		{BAD9B914-1EDF-418C-A197-401D9F912DB7}.Debug|Any CPU.ActiveCfg = Debug|Any CPU
		{BAD9B914-1EDF-418C-A197-401D9F912DB7}.Debug|Any CPU.Build.0 = Debug|Any CPU
		{BAD9B914-1EDF-418C-A197-401D9F912DB7}.Release|Any CPU.ActiveCfg = Release|Any CPU
		{BAD9B914-1EDF-418C-A197-401D9F912DB7}.Release|Any CPU.Build.0 = Release|Any CPU
	EndGlobalSection
	GlobalSection(SolutionProperties) = preSolution
		HideSolutionNode = FALSE
	EndGlobalSection
	GlobalSection(ExtensibilityGlobals) = postSolution
		SolutionGuid = {6A8E61D1-218A-4A6D-88F8-1BE08948AF76}
	EndGlobalSection
EndGlobal
